// !$*UTF8*$!
{
	archiveVersion = 1;
	classes = {
	};
	objectVersion = 50;
	objects = {

/* Begin PBXBuildFile section */
		4B5523C125B1CC2500FA31F8 /* Mapper.swift in Sources */ = {isa = PBXBuildFile; fileRef = 4B5523C025B1CC2500FA31F8 /* Mapper.swift */; };
		4B5523C525B1CC4700FA31F8 /* DataSource.swift in Sources */ = {isa = PBXBuildFile; fileRef = 4B5523C425B1CC4700FA31F8 /* DataSource.swift */; };
		4B5523C825B1CC5200FA31F8 /* LocalDataSource.swift in Sources */ = {isa = PBXBuildFile; fileRef = 4B5523C725B1CC5200FA31F8 /* LocalDataSource.swift */; };
		4B5523CB25B1CC6500FA31F8 /* Repository.swift in Sources */ = {isa = PBXBuildFile; fileRef = 4B5523CA25B1CC6500FA31F8 /* Repository.swift */; };
		4B5523CE25B1D0C600FA31F8 /* UseCase.swift in Sources */ = {isa = PBXBuildFile; fileRef = 4B5523CD25B1D0C600FA31F8 /* UseCase.swift */; };
		4B5523D125B1D0D100FA31F8 /* Interactor.swift in Sources */ = {isa = PBXBuildFile; fileRef = 4B5523D025B1D0D100FA31F8 /* Interactor.swift */; };
		4B5523D425B1F2B800FA31F8 /* GetListPresenter.swift in Sources */ = {isa = PBXBuildFile; fileRef = 4B5523D325B1F2B800FA31F8 /* GetListPresenter.swift */; };
		4B5523D725B205A900FA31F8 /* CustomError+Ext.swift in Sources */ = {isa = PBXBuildFile; fileRef = 4B5523D625B205A900FA31F8 /* CustomError+Ext.swift */; };
		4BD0049025AF08C700DA6DE4 /* Core.h in Headers */ = {isa = PBXBuildFile; fileRef = 4BD0048E25AF08C700DA6DE4 /* Core.h */; settings = {ATTRIBUTES = (Public, ); }; };
		5C85C4125FEBED7C170361AB /* Pods_Core.framework in Frameworks */ = {isa = PBXBuildFile; fileRef = 85C1DFA84EE17CA961EABEC8 /* Pods_Core.framework */; };
/* End PBXBuildFile section */

/* Begin PBXFileReference section */
		4B5523C025B1CC2500FA31F8 /* Mapper.swift */ = {isa = PBXFileReference; lastKnownFileType = sourcecode.swift; path = Mapper.swift; sourceTree = "<group>"; };
		4B5523C425B1CC4700FA31F8 /* DataSource.swift */ = {isa = PBXFileReference; lastKnownFileType = sourcecode.swift; path = DataSource.swift; sourceTree = "<group>"; };
		4B5523C725B1CC5200FA31F8 /* LocalDataSource.swift */ = {isa = PBXFileReference; lastKnownFileType = sourcecode.swift; path = LocalDataSource.swift; sourceTree = "<group>"; };
		4B5523CA25B1CC6500FA31F8 /* Repository.swift */ = {isa = PBXFileReference; lastKnownFileType = sourcecode.swift; path = Repository.swift; sourceTree = "<group>"; };
		4B5523CD25B1D0C600FA31F8 /* UseCase.swift */ = {isa = PBXFileReference; lastKnownFileType = sourcecode.swift; path = UseCase.swift; sourceTree = "<group>"; };
		4B5523D025B1D0D100FA31F8 /* Interactor.swift */ = {isa = PBXFileReference; lastKnownFileType = sourcecode.swift; path = Interactor.swift; sourceTree = "<group>"; };
		4B5523D325B1F2B800FA31F8 /* GetListPresenter.swift */ = {isa = PBXFileReference; lastKnownFileType = sourcecode.swift; path = GetListPresenter.swift; sourceTree = "<group>"; };
		4B5523D625B205A900FA31F8 /* CustomError+Ext.swift */ = {isa = PBXFileReference; lastKnownFileType = sourcecode.swift; path = "CustomError+Ext.swift"; sourceTree = "<group>"; };
		4BD0048B25AF08C700DA6DE4 /* Core.framework */ = {isa = PBXFileReference; explicitFileType = wrapper.framework; includeInIndex = 0; path = Core.framework; sourceTree = BUILT_PRODUCTS_DIR; };
		4BD0048E25AF08C700DA6DE4 /* Core.h */ = {isa = PBXFileReference; lastKnownFileType = sourcecode.c.h; path = Core.h; sourceTree = "<group>"; };
		4BD0048F25AF08C700DA6DE4 /* Info.plist */ = {isa = PBXFileReference; lastKnownFileType = text.plist.xml; path = Info.plist; sourceTree = "<group>"; };
		6F8CE039FA5087CAA787D4AC /* Pods-Core.release.xcconfig */ = {isa = PBXFileReference; includeInIndex = 1; lastKnownFileType = text.xcconfig; name = "Pods-Core.release.xcconfig"; path = "Target Support Files/Pods-Core/Pods-Core.release.xcconfig"; sourceTree = "<group>"; };
		85C1DFA84EE17CA961EABEC8 /* Pods_Core.framework */ = {isa = PBXFileReference; explicitFileType = wrapper.framework; includeInIndex = 0; path = Pods_Core.framework; sourceTree = BUILT_PRODUCTS_DIR; };
		F1CC4B47C4E52FB7D70B18F5 /* Pods-Core.debug.xcconfig */ = {isa = PBXFileReference; includeInIndex = 1; lastKnownFileType = text.xcconfig; name = "Pods-Core.debug.xcconfig"; path = "Target Support Files/Pods-Core/Pods-Core.debug.xcconfig"; sourceTree = "<group>"; };
/* End PBXFileReference section */

/* Begin PBXFrameworksBuildPhase section */
		4BD0048825AF08C700DA6DE4 /* Frameworks */ = {
			isa = PBXFrameworksBuildPhase;
			buildActionMask = 2147483647;
			files = (
				5C85C4125FEBED7C170361AB /* Pods_Core.framework in Frameworks */,
			);
			runOnlyForDeploymentPostprocessing = 0;
		};
/* End PBXFrameworksBuildPhase section */

/* Begin PBXGroup section */
		4B5523BD25B1CC0200FA31F8 /* Domain */ = {
			isa = PBXGroup;
			children = (
				4B5523CD25B1D0C600FA31F8 /* UseCase.swift */,
				4B5523D025B1D0D100FA31F8 /* Interactor.swift */,
			);
			path = Domain;
			sourceTree = "<group>";
		};
		4B5523BE25B1CC0A00FA31F8 /* Extension */ = {
			isa = PBXGroup;
			children = (
				4B5523D625B205A900FA31F8 /* CustomError+Ext.swift */,
			);
			path = Extension;
			sourceTree = "<group>";
		};
		4B5523BF25B1CC1200FA31F8 /* Presentation */ = {
			isa = PBXGroup;
			children = (
				4B5523D325B1F2B800FA31F8 /* GetListPresenter.swift */,
			);
			path = Presentation;
			sourceTree = "<group>";
		};
		4B5523C325B1CC3100FA31F8 /* Repository */ = {
			isa = PBXGroup;
			children = (
				4B5523CA25B1CC6500FA31F8 /* Repository.swift */,
			);
			path = Repository;
			sourceTree = "<group>";
		};
		4BD0048125AF08C700DA6DE4 = {
			isa = PBXGroup;
			children = (
				4BD0048D25AF08C700DA6DE4 /* Core */,
				4BD0048C25AF08C700DA6DE4 /* Products */,
				5409B7D9E531BF69AD74B018 /* Pods */,
				8CC1C206F500DFBC9B8EF1E6 /* Frameworks */,
			);
			sourceTree = "<group>";
		};
		4BD0048C25AF08C700DA6DE4 /* Products */ = {
			isa = PBXGroup;
			children = (
				4BD0048B25AF08C700DA6DE4 /* Core.framework */,
			);
			name = Products;
			sourceTree = "<group>";
		};
		4BD0048D25AF08C700DA6DE4 /* Core */ = {
			isa = PBXGroup;
			children = (
				4B5523BF25B1CC1200FA31F8 /* Presentation */,
				4B5523BE25B1CC0A00FA31F8 /* Extension */,
				4B5523BD25B1CC0200FA31F8 /* Domain */,
				4BD0049725AF098600DA6DE4 /* Data */,
				4BD0048E25AF08C700DA6DE4 /* Core.h */,
				4BD0048F25AF08C700DA6DE4 /* Info.plist */,
				4B5523C025B1CC2500FA31F8 /* Mapper.swift */,
			);
			path = Core;
			sourceTree = "<group>";
		};
		4BD0049725AF098600DA6DE4 /* Data */ = {
			isa = PBXGroup;
			children = (
				4B5523C325B1CC3100FA31F8 /* Repository */,
				4B5523C425B1CC4700FA31F8 /* DataSource.swift */,
				4B5523C725B1CC5200FA31F8 /* LocalDataSource.swift */,
			);
			path = Data;
			sourceTree = "<group>";
		};
		5409B7D9E531BF69AD74B018 /* Pods */ = {
			isa = PBXGroup;
			children = (
				F1CC4B47C4E52FB7D70B18F5 /* Pods-Core.debug.xcconfig */,
				6F8CE039FA5087CAA787D4AC /* Pods-Core.release.xcconfig */,
			);
			name = Pods;
			path = ../../Pods;
			sourceTree = "<group>";
		};
		8CC1C206F500DFBC9B8EF1E6 /* Frameworks */ = {
			isa = PBXGroup;
			children = (
				85C1DFA84EE17CA961EABEC8 /* Pods_Core.framework */,
			);
			name = Frameworks;
			sourceTree = "<group>";
		};
/* End PBXGroup section */

/* Begin PBXHeadersBuildPhase section */
		4BD0048625AF08C700DA6DE4 /* Headers */ = {
			isa = PBXHeadersBuildPhase;
			buildActionMask = 2147483647;
			files = (
				4BD0049025AF08C700DA6DE4 /* Core.h in Headers */,
			);
			runOnlyForDeploymentPostprocessing = 0;
		};
/* End PBXHeadersBuildPhase section */

/* Begin PBXNativeTarget section */
		4BD0048A25AF08C700DA6DE4 /* Core */ = {
			isa = PBXNativeTarget;
			buildConfigurationList = 4BD0049325AF08C700DA6DE4 /* Build configuration list for PBXNativeTarget "Core" */;
			buildPhases = (
				1265ADD1132578DD885A8A6C /* [CP] Check Pods Manifest.lock */,
				4BD0048625AF08C700DA6DE4 /* Headers */,
				4BD0048725AF08C700DA6DE4 /* Sources */,
				4BD0048825AF08C700DA6DE4 /* Frameworks */,
				4BD0048925AF08C700DA6DE4 /* Resources */,
			);
			buildRules = (
			);
			dependencies = (
			);
			name = Core;
			productName = Core;
			productReference = 4BD0048B25AF08C700DA6DE4 /* Core.framework */;
			productType = "com.apple.product-type.framework";
		};
/* End PBXNativeTarget section */

/* Begin PBXProject section */
		4BD0048225AF08C700DA6DE4 /* Project object */ = {
			isa = PBXProject;
			attributes = {
				LastUpgradeCheck = 1200;
				TargetAttributes = {
					4BD0048A25AF08C700DA6DE4 = {
						CreatedOnToolsVersion = 12.0.1;
						LastSwiftMigration = 1200;
					};
				};
			};
			buildConfigurationList = 4BD0048525AF08C700DA6DE4 /* Build configuration list for PBXProject "Core" */;
			compatibilityVersion = "Xcode 9.3";
			developmentRegion = en;
			hasScannedForEncodings = 0;
			knownRegions = (
				en,
				Base,
			);
			mainGroup = 4BD0048125AF08C700DA6DE4;
			productRefGroup = 4BD0048C25AF08C700DA6DE4 /* Products */;
			projectDirPath = "";
			projectRoot = "";
			targets = (
				4BD0048A25AF08C700DA6DE4 /* Core */,
			);
		};
/* End PBXProject section */

/* Begin PBXResourcesBuildPhase section */
		4BD0048925AF08C700DA6DE4 /* Resources */ = {
			isa = PBXResourcesBuildPhase;
			buildActionMask = 2147483647;
			files = (
			);
			runOnlyForDeploymentPostprocessing = 0;
		};
/* End PBXResourcesBuildPhase section */

/* Begin PBXShellScriptBuildPhase section */
		1265ADD1132578DD885A8A6C /* [CP] Check Pods Manifest.lock */ = {
			isa = PBXShellScriptBuildPhase;
			buildActionMask = 2147483647;
			files = (
			);
			inputFileListPaths = (
			);
			inputPaths = (
				"${PODS_PODFILE_DIR_PATH}/Podfile.lock",
				"${PODS_ROOT}/Manifest.lock",
			);
			name = "[CP] Check Pods Manifest.lock";
			outputFileListPaths = (
			);
			outputPaths = (
				"$(DERIVED_FILE_DIR)/Pods-Core-checkManifestLockResult.txt",
			);
			runOnlyForDeploymentPostprocessing = 0;
			shellPath = /bin/sh;
			shellScript = "diff \"${PODS_PODFILE_DIR_PATH}/Podfile.lock\" \"${PODS_ROOT}/Manifest.lock\" > /dev/null\nif [ $? != 0 ] ; then\n    # print error to STDERR\n    echo \"error: The sandbox is not in sync with the Podfile.lock. Run 'pod install' or update your CocoaPods installation.\" >&2\n    exit 1\nfi\n# This output is used by Xcode 'outputs' to avoid re-running this script phase.\necho \"SUCCESS\" > \"${SCRIPT_OUTPUT_FILE_0}\"\n";
			showEnvVarsInLog = 0;
		};
/* End PBXShellScriptBuildPhase section */

/* Begin PBXSourcesBuildPhase section */
		4BD0048725AF08C700DA6DE4 /* Sources */ = {
			isa = PBXSourcesBuildPhase;
			buildActionMask = 2147483647;
			files = (
				4B5523D125B1D0D100FA31F8 /* Interactor.swift in Sources */,
				4B5523D725B205A900FA31F8 /* CustomError+Ext.swift in Sources */,
				4B5523D425B1F2B800FA31F8 /* GetListPresenter.swift in Sources */,
				4B5523CE25B1D0C600FA31F8 /* UseCase.swift in Sources */,
				4B5523C825B1CC5200FA31F8 /* LocalDataSource.swift in Sources */,
				4B5523C525B1CC4700FA31F8 /* DataSource.swift in Sources */,
				4B5523C125B1CC2500FA31F8 /* Mapper.swift in Sources */,
				4B5523CB25B1CC6500FA31F8 /* Repository.swift in Sources */,
			);
			runOnlyForDeploymentPostprocessing = 0;
		};
/* End PBXSourcesBuildPhase section */

/* Begin XCBuildConfiguration section */
		4BD0049125AF08C700DA6DE4 /* Debug */ = {
			isa = XCBuildConfiguration;
			buildSettings = {
				ALWAYS_SEARCH_USER_PATHS = NO;
				CLANG_ANALYZER_NONNULL = YES;
				CLANG_ANALYZER_NUMBER_OBJECT_CONVERSION = YES_AGGRESSIVE;
				CLANG_CXX_LANGUAGE_STANDARD = "gnu++14";
				CLANG_CXX_LIBRARY = "libc++";
				CLANG_ENABLE_MODULES = YES;
				CLANG_ENABLE_OBJC_ARC = YES;
				CLANG_ENABLE_OBJC_WEAK = YES;
				CLANG_WARN_BLOCK_CAPTURE_AUTORELEASING = YES;
				CLANG_WARN_BOOL_CONVERSION = YES;
				CLANG_WARN_COMMA = YES;
				CLANG_WARN_CONSTANT_CONVERSION = YES;
				CLANG_WARN_DEPRECATED_OBJC_IMPLEMENTATIONS = YES;
				CLANG_WARN_DIRECT_OBJC_ISA_USAGE = YES_ERROR;
				CLANG_WARN_DOCUMENTATION_COMMENTS = YES;
				CLANG_WARN_EMPTY_BODY = YES;
				CLANG_WARN_ENUM_CONVERSION = YES;
				CLANG_WARN_INFINITE_RECURSION = YES;
				CLANG_WARN_INT_CONVERSION = YES;
				CLANG_WARN_NON_LITERAL_NULL_CONVERSION = YES;
				CLANG_WARN_OBJC_IMPLICIT_RETAIN_SELF = YES;
				CLANG_WARN_OBJC_LITERAL_CONVERSION = YES;
				CLANG_WARN_OBJC_ROOT_CLASS = YES_ERROR;
				CLANG_WARN_QUOTED_INCLUDE_IN_FRAMEWORK_HEADER = YES;
				CLANG_WARN_RANGE_LOOP_ANALYSIS = YES;
				CLANG_WARN_STRICT_PROTOTYPES = YES;
				CLANG_WARN_SUSPICIOUS_MOVE = YES;
				CLANG_WARN_UNGUARDED_AVAILABILITY = YES_AGGRESSIVE;
				CLANG_WARN_UNREACHABLE_CODE = YES;
				CLANG_WARN__DUPLICATE_METHOD_MATCH = YES;
				COPY_PHASE_STRIP = NO;
				CURRENT_PROJECT_VERSION = 1;
				DEBUG_INFORMATION_FORMAT = dwarf;
				ENABLE_STRICT_OBJC_MSGSEND = YES;
				ENABLE_TESTABILITY = YES;
				GCC_C_LANGUAGE_STANDARD = gnu11;
				GCC_DYNAMIC_NO_PIC = NO;
				GCC_NO_COMMON_BLOCKS = YES;
				GCC_OPTIMIZATION_LEVEL = 0;
				GCC_PREPROCESSOR_DEFINITIONS = (
					"DEBUG=1",
					"$(inherited)",
				);
				GCC_WARN_64_TO_32_BIT_CONVERSION = YES;
				GCC_WARN_ABOUT_RETURN_TYPE = YES_ERROR;
				GCC_WARN_UNDECLARED_SELECTOR = YES;
				GCC_WARN_UNINITIALIZED_AUTOS = YES_AGGRESSIVE;
				GCC_WARN_UNUSED_FUNCTION = YES;
				GCC_WARN_UNUSED_VARIABLE = YES;
				IPHONEOS_DEPLOYMENT_TARGET = 14.0;
				MTL_ENABLE_DEBUG_INFO = INCLUDE_SOURCE;
				MTL_FAST_MATH = YES;
				ONLY_ACTIVE_ARCH = YES;
				SDKROOT = iphoneos;
				SWIFT_ACTIVE_COMPILATION_CONDITIONS = DEBUG;
				SWIFT_OPTIMIZATION_LEVEL = "-Onone";
				VERSIONING_SYSTEM = "apple-generic";
				VERSION_INFO_PREFIX = "";
			};
			name = Debug;
		};
		4BD0049225AF08C700DA6DE4 /* Release */ = {
			isa = XCBuildConfiguration;
			buildSettings = {
				ALWAYS_SEARCH_USER_PATHS = NO;
				CLANG_ANALYZER_NONNULL = YES;
				CLANG_ANALYZER_NUMBER_OBJECT_CONVERSION = YES_AGGRESSIVE;
				CLANG_CXX_LANGUAGE_STANDARD = "gnu++14";
				CLANG_CXX_LIBRARY = "libc++";
				CLANG_ENABLE_MODULES = YES;
				CLANG_ENABLE_OBJC_ARC = YES;
				CLANG_ENABLE_OBJC_WEAK = YES;
				CLANG_WARN_BLOCK_CAPTURE_AUTORELEASING = YES;
				CLANG_WARN_BOOL_CONVERSION = YES;
				CLANG_WARN_COMMA = YES;
				CLANG_WARN_CONSTANT_CONVERSION = YES;
				CLANG_WARN_DEPRECATED_OBJC_IMPLEMENTATIONS = YES;
				CLANG_WARN_DIRECT_OBJC_ISA_USAGE = YES_ERROR;
				CLANG_WARN_DOCUMENTATION_COMMENTS = YES;
				CLANG_WARN_EMPTY_BODY = YES;
				CLANG_WARN_ENUM_CONVERSION = YES;
				CLANG_WARN_INFINITE_RECURSION = YES;
				CLANG_WARN_INT_CONVERSION = YES;
				CLANG_WARN_NON_LITERAL_NULL_CONVERSION = YES;
				CLANG_WARN_OBJC_IMPLICIT_RETAIN_SELF = YES;
				CLANG_WARN_OBJC_LITERAL_CONVERSION = YES;
				CLANG_WARN_OBJC_ROOT_CLASS = YES_ERROR;
				CLANG_WARN_QUOTED_INCLUDE_IN_FRAMEWORK_HEADER = YES;
				CLANG_WARN_RANGE_LOOP_ANALYSIS = YES;
				CLANG_WARN_STRICT_PROTOTYPES = YES;
				CLANG_WARN_SUSPICIOUS_MOVE = YES;
				CLANG_WARN_UNGUARDED_AVAILABILITY = YES_AGGRESSIVE;
				CLANG_WARN_UNREACHABLE_CODE = YES;
				CLANG_WARN__DUPLICATE_METHOD_MATCH = YES;
				COPY_PHASE_STRIP = NO;
				CURRENT_PROJECT_VERSION = 1;
				DEBUG_INFORMATION_FORMAT = "dwarf-with-dsym";
				ENABLE_NS_ASSERTIONS = NO;
				ENABLE_STRICT_OBJC_MSGSEND = YES;
				GCC_C_LANGUAGE_STANDARD = gnu11;
				GCC_NO_COMMON_BLOCKS = YES;
				GCC_WARN_64_TO_32_BIT_CONVERSION = YES;
				GCC_WARN_ABOUT_RETURN_TYPE = YES_ERROR;
				GCC_WARN_UNDECLARED_SELECTOR = YES;
				GCC_WARN_UNINITIALIZED_AUTOS = YES_AGGRESSIVE;
				GCC_WARN_UNUSED_FUNCTION = YES;
				GCC_WARN_UNUSED_VARIABLE = YES;
				IPHONEOS_DEPLOYMENT_TARGET = 14.0;
				MTL_ENABLE_DEBUG_INFO = NO;
				MTL_FAST_MATH = YES;
				SDKROOT = iphoneos;
				SWIFT_COMPILATION_MODE = wholemodule;
				SWIFT_OPTIMIZATION_LEVEL = "-O";
				VALIDATE_PRODUCT = YES;
				VERSIONING_SYSTEM = "apple-generic";
				VERSION_INFO_PREFIX = "";
			};
			name = Release;
		};
		4BD0049425AF08C700DA6DE4 /* Debug */ = {
			isa = XCBuildConfiguration;
			baseConfigurationReference = F1CC4B47C4E52FB7D70B18F5 /* Pods-Core.debug.xcconfig */;
			buildSettings = {
				CLANG_ENABLE_MODULES = YES;
				CODE_SIGN_STYLE = Automatic;
				DEFINES_MODULE = YES;
				DEVELOPMENT_TEAM = W4KGN5KBY5;
				DYLIB_COMPATIBILITY_VERSION = 1;
				DYLIB_CURRENT_VERSION = 1;
				DYLIB_INSTALL_NAME_BASE = "@rpath";
				INFOPLIST_FILE = Core/Info.plist;
				INSTALL_PATH = "$(LOCAL_LIBRARY_DIR)/Frameworks";
				LD_RUNPATH_SEARCH_PATHS = (
					"$(inherited)",
					"@executable_path/Frameworks",
					"@loader_path/Frameworks",
				);
				PRODUCT_BUNDLE_IDENTIFIER = com.deltadirac.Core;
				PRODUCT_NAME = "$(TARGET_NAME:c99extidentifier)";
				SKIP_INSTALL = YES;
				SWIFT_OPTIMIZATION_LEVEL = "-Onone";
				SWIFT_VERSION = 5.0;
				TARGETED_DEVICE_FAMILY = "1,2";
			};
			name = Debug;
		};
		4BD0049525AF08C700DA6DE4 /* Release */ = {
			isa = XCBuildConfiguration;
			baseConfigurationReference = 6F8CE039FA5087CAA787D4AC /* Pods-Core.release.xcconfig */;
			buildSettings = {
				CLANG_ENABLE_MODULES = YES;
				CODE_SIGN_STYLE = Automatic;
				DEFINES_MODULE = YES;
				DEVELOPMENT_TEAM = W4KGN5KBY5;
				DYLIB_COMPATIBILITY_VERSION = 1;
				DYLIB_CURRENT_VERSION = 1;
				DYLIB_INSTALL_NAME_BASE = "@rpath";
				INFOPLIST_FILE = Core/Info.plist;
				INSTALL_PATH = "$(LOCAL_LIBRARY_DIR)/Frameworks";
				LD_RUNPATH_SEARCH_PATHS = (
					"$(inherited)",
					"@executable_path/Frameworks",
					"@loader_path/Frameworks",
				);
				PRODUCT_BUNDLE_IDENTIFIER = com.deltadirac.Core;
				PRODUCT_NAME = "$(TARGET_NAME:c99extidentifier)";
				SKIP_INSTALL = YES;
				SWIFT_VERSION = 5.0;
				TARGETED_DEVICE_FAMILY = "1,2";
			};
			name = Release;
		};
/* End XCBuildConfiguration section */

/* Begin XCConfigurationList section */
		4BD0048525AF08C700DA6DE4 /* Build configuration list for PBXProject "Core" */ = {
			isa = XCConfigurationList;
			buildConfigurations = (
				4BD0049125AF08C700DA6DE4 /* Debug */,
				4BD0049225AF08C700DA6DE4 /* Release */,
			);
			defaultConfigurationIsVisible = 0;
			defaultConfigurationName = Release;
		};
		4BD0049325AF08C700DA6DE4 /* Build configuration list for PBXNativeTarget "Core" */ = {
			isa = XCConfigurationList;
			buildConfigurations = (
				4BD0049425AF08C700DA6DE4 /* Debug */,
				4BD0049525AF08C700DA6DE4 /* Release */,
			);
			defaultConfigurationIsVisible = 0;
			defaultConfigurationName = Release;
		};
/* End XCConfigurationList section */
	};
	rootObject = 4BD0048225AF08C700DA6DE4 /* Project object */;
}
