// !$*UTF8*$!
{
	archiveVersion = 1;
	classes = {
	};
	objectVersion = 52;
	objects = {

/* Begin PBXBuildFile section */
		4B18093025738D2B005BEE75 /* HomeRouter.swift in Sources */ = {isa = PBXBuildFile; fileRef = 4B18092F25738D2B005BEE75 /* HomeRouter.swift */; };
		4B18093825739D30005BEE75 /* DetailView.swift in Sources */ = {isa = PBXBuildFile; fileRef = 4B18093725739D30005BEE75 /* DetailView.swift */; };
		4B24BBC425C8C44900FA5E39 /* Weekly.framework in Frameworks */ = {isa = PBXBuildFile; fileRef = 4B24BBC325C8C44900FA5E39 /* Weekly.framework */; };
		4B24BBC525C8C44900FA5E39 /* Weekly.framework in Embed Frameworks */ = {isa = PBXBuildFile; fileRef = 4B24BBC325C8C44900FA5E39 /* Weekly.framework */; settings = {ATTRIBUTES = (CodeSignOnCopy, RemoveHeadersOnCopy, ); }; };
		4B27EE90256D5639006E2D5A /* ApodFetcher.swift in Sources */ = {isa = PBXBuildFile; fileRef = 4B27EE8F256D5639006E2D5A /* ApodFetcher.swift */; };
		4B33B1E3256BFB7E005A8F31 /* ApodMapper.swift in Sources */ = {isa = PBXBuildFile; fileRef = 4B33B1E2256BFB7E005A8F31 /* ApodMapper.swift */; };
		4B3B451D25901E910065099B /* FavoriteRouter.swift in Sources */ = {isa = PBXBuildFile; fileRef = 4B3B451C25901E910065099B /* FavoriteRouter.swift */; };
		4B5C6902257851D300106DFC /* SDWebImageSwiftUI in Frameworks */ = {isa = PBXBuildFile; productRef = 4B5C6901257851D300106DFC /* SDWebImageSwiftUI */; };
		4B87321925A1AF8800658B89 /* ApodTests.swift in Sources */ = {isa = PBXBuildFile; fileRef = 4B87321825A1AF8800658B89 /* ApodTests.swift */; };
		4B967011257924FC001D0DD5 /* Favorite.swift in Sources */ = {isa = PBXBuildFile; fileRef = 4B967010257924FC001D0DD5 /* Favorite.swift */; };
		4B96701425792515001D0DD5 /* AppView.swift in Sources */ = {isa = PBXBuildFile; fileRef = 4B96701325792515001D0DD5 /* AppView.swift */; };
		4B9A13B725601A7500E1A8DF /* ApodApp.swift in Sources */ = {isa = PBXBuildFile; fileRef = 4B9A13B625601A7500E1A8DF /* ApodApp.swift */; };
		4B9A13B925601A7500E1A8DF /* Home.swift in Sources */ = {isa = PBXBuildFile; fileRef = 4B9A13B825601A7500E1A8DF /* Home.swift */; };
		4B9A13BB25601A7800E1A8DF /* Assets.xcassets in Resources */ = {isa = PBXBuildFile; fileRef = 4B9A13BA25601A7800E1A8DF /* Assets.xcassets */; };
		4B9A13BE25601A7800E1A8DF /* Preview Assets.xcassets in Resources */ = {isa = PBXBuildFile; fileRef = 4B9A13BD25601A7800E1A8DF /* Preview Assets.xcassets */; };
		4B9A13C025601A7800E1A8DF /* Persistence.swift in Sources */ = {isa = PBXBuildFile; fileRef = 4B9A13BF25601A7800E1A8DF /* Persistence.swift */; };
		4B9A13C325601A7800E1A8DF /* ApodEntity.xcdatamodeld in Sources */ = {isa = PBXBuildFile; fileRef = 4B9A13C125601A7800E1A8DF /* ApodEntity.xcdatamodeld */; };
		4BA445822575361900688AA8 /* AppContainer.swift in Sources */ = {isa = PBXBuildFile; fileRef = 4BA445812575361900688AA8 /* AppContainer.swift */; };
		4BCDF6CE25CDCF5000DEB31D /* ApodDetail.framework in Frameworks */ = {isa = PBXBuildFile; fileRef = 4BCDF6CD25CDCF5000DEB31D /* ApodDetail.framework */; };
		4BCDF6CF25CDCF5000DEB31D /* ApodDetail.framework in Embed Frameworks */ = {isa = PBXBuildFile; fileRef = 4BCDF6CD25CDCF5000DEB31D /* ApodDetail.framework */; settings = {ATTRIBUTES = (CodeSignOnCopy, RemoveHeadersOnCopy, ); }; };
		4BEC3DB02591FED800DEEFE5 /* LoadingView.swift in Sources */ = {isa = PBXBuildFile; fileRef = 4BEC3DAF2591FED800DEEFE5 /* LoadingView.swift */; };
		4BEC3DB32592012200DEEFE5 /* EmptyView.swift in Sources */ = {isa = PBXBuildFile; fileRef = 4BEC3DB22592012200DEEFE5 /* EmptyView.swift */; };
		4BF3B8D12576FE1000A5309A /* ApodCell.swift in Sources */ = {isa = PBXBuildFile; fileRef = 4BF3B8D02576FE1000A5309A /* ApodCell.swift */; };
		4BFE420E2579A85200CD8A28 /* Profile.swift in Sources */ = {isa = PBXBuildFile; fileRef = 4BFE420D2579A85200CD8A28 /* Profile.swift */; };
		C7997F611BC48BF89B69B8A7 /* Pods_Apod.framework in Frameworks */ = {isa = PBXBuildFile; fileRef = 9AEF893D63A72BA802CC0323 /* Pods_Apod.framework */; };
/* End PBXBuildFile section */

/* Begin PBXContainerItemProxy section */
		4B87321B25A1AF8800658B89 /* PBXContainerItemProxy */ = {
			isa = PBXContainerItemProxy;
			containerPortal = 4B9A13AB25601A7500E1A8DF /* Project object */;
			proxyType = 1;
			remoteGlobalIDString = 4B9A13B225601A7500E1A8DF;
			remoteInfo = Apod;
		};
/* End PBXContainerItemProxy section */

/* Begin PBXCopyFilesBuildPhase section */
		4B597DA225BBFE76000277F6 /* Embed Frameworks */ = {
			isa = PBXCopyFilesBuildPhase;
			buildActionMask = 2147483647;
			dstPath = "";
			dstSubfolderSpec = 10;
			files = (
				4BCDF6CF25CDCF5000DEB31D /* ApodDetail.framework in Embed Frameworks */,
				4B24BBC525C8C44900FA5E39 /* Weekly.framework in Embed Frameworks */,
			);
			name = "Embed Frameworks";
			runOnlyForDeploymentPostprocessing = 0;
		};
/* End PBXCopyFilesBuildPhase section */

/* Begin PBXFileReference section */
		387DCF13CB9265B8C31770BB /* Pods-Apod.debug.xcconfig */ = {isa = PBXFileReference; includeInIndex = 1; lastKnownFileType = text.xcconfig; name = "Pods-Apod.debug.xcconfig"; path = "Target Support Files/Pods-Apod/Pods-Apod.debug.xcconfig"; sourceTree = "<group>"; };
		3F8DD67200B8D27F93900FD3 /* Pods-Apod.release.xcconfig */ = {isa = PBXFileReference; includeInIndex = 1; lastKnownFileType = text.xcconfig; name = "Pods-Apod.release.xcconfig"; path = "Target Support Files/Pods-Apod/Pods-Apod.release.xcconfig"; sourceTree = "<group>"; };
		4B18092F25738D2B005BEE75 /* HomeRouter.swift */ = {isa = PBXFileReference; lastKnownFileType = sourcecode.swift; path = HomeRouter.swift; sourceTree = "<group>"; };
		4B18093725739D30005BEE75 /* DetailView.swift */ = {isa = PBXFileReference; lastKnownFileType = sourcecode.swift; path = DetailView.swift; sourceTree = "<group>"; };
		4B24BBC325C8C44900FA5E39 /* Weekly.framework */ = {isa = PBXFileReference; explicitFileType = wrapper.framework; path = Weekly.framework; sourceTree = BUILT_PRODUCTS_DIR; };
		4B27EE8F256D5639006E2D5A /* ApodFetcher.swift */ = {isa = PBXFileReference; lastKnownFileType = sourcecode.swift; path = ApodFetcher.swift; sourceTree = "<group>"; };
		4B33B1E2256BFB7E005A8F31 /* ApodMapper.swift */ = {isa = PBXFileReference; lastKnownFileType = sourcecode.swift; path = ApodMapper.swift; sourceTree = "<group>"; };
		4B3B451C25901E910065099B /* FavoriteRouter.swift */ = {isa = PBXFileReference; lastKnownFileType = sourcecode.swift; path = FavoriteRouter.swift; sourceTree = "<group>"; };
		4B597D9F25BBFE76000277F6 /* Core.framework */ = {isa = PBXFileReference; explicitFileType = wrapper.framework; path = Core.framework; sourceTree = BUILT_PRODUCTS_DIR; };
		4B87321625A1AF8800658B89 /* ApodTests.xctest */ = {isa = PBXFileReference; explicitFileType = wrapper.cfbundle; includeInIndex = 0; path = ApodTests.xctest; sourceTree = BUILT_PRODUCTS_DIR; };
		4B87321825A1AF8800658B89 /* ApodTests.swift */ = {isa = PBXFileReference; lastKnownFileType = sourcecode.swift; path = ApodTests.swift; sourceTree = "<group>"; };
		4B87321A25A1AF8800658B89 /* Info.plist */ = {isa = PBXFileReference; lastKnownFileType = text.plist.xml; path = Info.plist; sourceTree = "<group>"; };
		4B87322225A1B00000658B89 /* Apod.xctestplan */ = {isa = PBXFileReference; lastKnownFileType = text; path = Apod.xctestplan; sourceTree = "<group>"; };
		4B967010257924FC001D0DD5 /* Favorite.swift */ = {isa = PBXFileReference; lastKnownFileType = sourcecode.swift; path = Favorite.swift; sourceTree = "<group>"; };
		4B96701325792515001D0DD5 /* AppView.swift */ = {isa = PBXFileReference; lastKnownFileType = sourcecode.swift; path = AppView.swift; sourceTree = "<group>"; };
		4B9A13B325601A7500E1A8DF /* Apod.app */ = {isa = PBXFileReference; explicitFileType = wrapper.application; includeInIndex = 0; path = Apod.app; sourceTree = BUILT_PRODUCTS_DIR; };
		4B9A13B625601A7500E1A8DF /* ApodApp.swift */ = {isa = PBXFileReference; lastKnownFileType = sourcecode.swift; path = ApodApp.swift; sourceTree = "<group>"; };
		4B9A13B825601A7500E1A8DF /* Home.swift */ = {isa = PBXFileReference; lastKnownFileType = sourcecode.swift; path = Home.swift; sourceTree = "<group>"; };
		4B9A13BA25601A7800E1A8DF /* Assets.xcassets */ = {isa = PBXFileReference; lastKnownFileType = folder.assetcatalog; path = Assets.xcassets; sourceTree = "<group>"; };
		4B9A13BD25601A7800E1A8DF /* Preview Assets.xcassets */ = {isa = PBXFileReference; lastKnownFileType = folder.assetcatalog; path = "Preview Assets.xcassets"; sourceTree = "<group>"; };
		4B9A13BF25601A7800E1A8DF /* Persistence.swift */ = {isa = PBXFileReference; lastKnownFileType = sourcecode.swift; path = Persistence.swift; sourceTree = "<group>"; };
		4B9A13C225601A7800E1A8DF /* Apod.xcdatamodel */ = {isa = PBXFileReference; lastKnownFileType = wrapper.xcdatamodel; path = Apod.xcdatamodel; sourceTree = "<group>"; };
		4B9A13C425601A7800E1A8DF /* Info.plist */ = {isa = PBXFileReference; lastKnownFileType = text.plist.xml; path = Info.plist; sourceTree = "<group>"; };
		4BA445812575361900688AA8 /* AppContainer.swift */ = {isa = PBXFileReference; lastKnownFileType = sourcecode.swift; path = AppContainer.swift; sourceTree = "<group>"; };
		4BCDF6CD25CDCF5000DEB31D /* ApodDetail.framework */ = {isa = PBXFileReference; explicitFileType = wrapper.framework; path = ApodDetail.framework; sourceTree = BUILT_PRODUCTS_DIR; };
		4BEC3DAF2591FED800DEEFE5 /* LoadingView.swift */ = {isa = PBXFileReference; lastKnownFileType = sourcecode.swift; path = LoadingView.swift; sourceTree = "<group>"; };
		4BEC3DB22592012200DEEFE5 /* EmptyView.swift */ = {isa = PBXFileReference; lastKnownFileType = sourcecode.swift; path = EmptyView.swift; sourceTree = "<group>"; };
		4BF3B8D02576FE1000A5309A /* ApodCell.swift */ = {isa = PBXFileReference; lastKnownFileType = sourcecode.swift; path = ApodCell.swift; sourceTree = "<group>"; };
		4BFE420D2579A85200CD8A28 /* Profile.swift */ = {isa = PBXFileReference; lastKnownFileType = sourcecode.swift; path = Profile.swift; sourceTree = "<group>"; };
		9AEF893D63A72BA802CC0323 /* Pods_Apod.framework */ = {isa = PBXFileReference; explicitFileType = wrapper.framework; includeInIndex = 0; path = Pods_Apod.framework; sourceTree = BUILT_PRODUCTS_DIR; };
/* End PBXFileReference section */

/* Begin PBXFrameworksBuildPhase section */
		4B87321325A1AF8800658B89 /* Frameworks */ = {
			isa = PBXFrameworksBuildPhase;
			buildActionMask = 2147483647;
			files = (
			);
			runOnlyForDeploymentPostprocessing = 0;
		};
		4B9A13B025601A7500E1A8DF /* Frameworks */ = {
			isa = PBXFrameworksBuildPhase;
			buildActionMask = 2147483647;
			files = (
				4BCDF6CE25CDCF5000DEB31D /* ApodDetail.framework in Frameworks */,
				4B5C6902257851D300106DFC /* SDWebImageSwiftUI in Frameworks */,
				4B24BBC425C8C44900FA5E39 /* Weekly.framework in Frameworks */,
				C7997F611BC48BF89B69B8A7 /* Pods_Apod.framework in Frameworks */,
			);
			runOnlyForDeploymentPostprocessing = 0;
		};
/* End PBXFrameworksBuildPhase section */

/* Begin PBXGroup section */
		1A00F5001762ADD685E5043F /* Pods */ = {
			isa = PBXGroup;
			children = (
				387DCF13CB9265B8C31770BB /* Pods-Apod.debug.xcconfig */,
				3F8DD67200B8D27F93900FD3 /* Pods-Apod.release.xcconfig */,
			);
			path = Pods;
			sourceTree = "<group>";
		};
		2A00B7519374B37425D7A944 /* Frameworks */ = {
			isa = PBXGroup;
			children = (
				4BCDF6CD25CDCF5000DEB31D /* ApodDetail.framework */,
				4B24BBC325C8C44900FA5E39 /* Weekly.framework */,
				4B597D9F25BBFE76000277F6 /* Core.framework */,
				9AEF893D63A72BA802CC0323 /* Pods_Apod.framework */,
			);
			name = Frameworks;
			sourceTree = "<group>";
		};
		4B18093325738D81005BEE75 /* Detail */ = {
			isa = PBXGroup;
			children = (
				4B18093725739D30005BEE75 /* DetailView.swift */,
			);
			path = Detail;
			sourceTree = "<group>";
		};
		4B27EE8E256D5626006E2D5A /* Network */ = {
			isa = PBXGroup;
			children = (
				4B27EE8F256D5639006E2D5A /* ApodFetcher.swift */,
			);
			path = Network;
			sourceTree = "<group>";
		};
		4B33B1CE256BF34A005A8F31 /* Module */ = {
			isa = PBXGroup;
			children = (
				4BFE420C2579A83D00CD8A28 /* Profile */,
				4B9670162579260C001D0DD5 /* Favorite */,
				4B18093325738D81005BEE75 /* Detail */,
				4BDB33B2257156FA00F56410 /* Home */,
			);
			path = Module;
			sourceTree = "<group>";
		};
		4B33B1E1256BFB5D005A8F31 /* Utils */ = {
			isa = PBXGroup;
			children = (
				4BF3B8CF2576FD7600A5309A /* Views */,
				4B27EE8E256D5626006E2D5A /* Network */,
				4B33B1E2256BFB7E005A8F31 /* ApodMapper.swift */,
			);
			path = Utils;
			sourceTree = "<group>";
		};
		4B87321725A1AF8800658B89 /* ApodTests */ = {
			isa = PBXGroup;
			children = (
				4B87322225A1B00000658B89 /* Apod.xctestplan */,
				4B87321825A1AF8800658B89 /* ApodTests.swift */,
				4B87321A25A1AF8800658B89 /* Info.plist */,
			);
			path = ApodTests;
			sourceTree = "<group>";
		};
		4B9670162579260C001D0DD5 /* Favorite */ = {
			isa = PBXGroup;
			children = (
				4B3B451C25901E910065099B /* FavoriteRouter.swift */,
				4B967010257924FC001D0DD5 /* Favorite.swift */,
			);
			path = Favorite;
			sourceTree = "<group>";
		};
		4B9A13AA25601A7500E1A8DF = {
			isa = PBXGroup;
			children = (
				4B9A13B525601A7500E1A8DF /* Apod */,
				4B87321725A1AF8800658B89 /* ApodTests */,
				4B9A13B425601A7500E1A8DF /* Products */,
				1A00F5001762ADD685E5043F /* Pods */,
				2A00B7519374B37425D7A944 /* Frameworks */,
			);
			sourceTree = "<group>";
		};
		4B9A13B425601A7500E1A8DF /* Products */ = {
			isa = PBXGroup;
			children = (
				4B9A13B325601A7500E1A8DF /* Apod.app */,
				4B87321625A1AF8800658B89 /* ApodTests.xctest */,
			);
			name = Products;
			sourceTree = "<group>";
		};
		4B9A13B525601A7500E1A8DF /* Apod */ = {
			isa = PBXGroup;
			children = (
				4B9A13B625601A7500E1A8DF /* ApodApp.swift */,
				4BA445812575361900688AA8 /* AppContainer.swift */,
				4B96701325792515001D0DD5 /* AppView.swift */,
				4B33B1CE256BF34A005A8F31 /* Module */,
				4B33B1E1256BFB5D005A8F31 /* Utils */,
				4B9A13BA25601A7800E1A8DF /* Assets.xcassets */,
				4B9A13BF25601A7800E1A8DF /* Persistence.swift */,
				4B9A13C425601A7800E1A8DF /* Info.plist */,
				4B9A13C125601A7800E1A8DF /* ApodEntity.xcdatamodeld */,
				4B9A13BC25601A7800E1A8DF /* Preview Content */,
			);
			path = Apod;
			sourceTree = "<group>";
		};
		4B9A13BC25601A7800E1A8DF /* Preview Content */ = {
			isa = PBXGroup;
			children = (
				4B9A13BD25601A7800E1A8DF /* Preview Assets.xcassets */,
			);
			path = "Preview Content";
			sourceTree = "<group>";
		};
		4BDB33B2257156FA00F56410 /* Home */ = {
			isa = PBXGroup;
			children = (
				4B18092F25738D2B005BEE75 /* HomeRouter.swift */,
				4B9A13B825601A7500E1A8DF /* Home.swift */,
			);
			path = Home;
			sourceTree = "<group>";
		};
		4BF3B8CF2576FD7600A5309A /* Views */ = {
			isa = PBXGroup;
			children = (
				4BF3B8D02576FE1000A5309A /* ApodCell.swift */,
				4BEC3DAF2591FED800DEEFE5 /* LoadingView.swift */,
				4BEC3DB22592012200DEEFE5 /* EmptyView.swift */,
			);
			path = Views;
			sourceTree = "<group>";
		};
		4BFE420C2579A83D00CD8A28 /* Profile */ = {
			isa = PBXGroup;
			children = (
				4BFE420D2579A85200CD8A28 /* Profile.swift */,
			);
			path = Profile;
			sourceTree = "<group>";
		};
/* End PBXGroup section */

/* Begin PBXNativeTarget section */
		4B87321525A1AF8800658B89 /* ApodTests */ = {
			isa = PBXNativeTarget;
			buildConfigurationList = 4B87321F25A1AF8800658B89 /* Build configuration list for PBXNativeTarget "ApodTests" */;
			buildPhases = (
				4B87321225A1AF8800658B89 /* Sources */,
				4B87321325A1AF8800658B89 /* Frameworks */,
				4B87321425A1AF8800658B89 /* Resources */,
			);
			buildRules = (
			);
			dependencies = (
				4B87321C25A1AF8800658B89 /* PBXTargetDependency */,
			);
			name = ApodTests;
			productName = ApodTests;
			productReference = 4B87321625A1AF8800658B89 /* ApodTests.xctest */;
			productType = "com.apple.product-type.bundle.unit-test";
		};
		4B9A13B225601A7500E1A8DF /* Apod */ = {
			isa = PBXNativeTarget;
			buildConfigurationList = 4B9A13C725601A7800E1A8DF /* Build configuration list for PBXNativeTarget "Apod" */;
			buildPhases = (
				B002C9EC258C8B9348F75D14 /* [CP] Check Pods Manifest.lock */,
				4B9A13AF25601A7500E1A8DF /* Sources */,
				4B9A13B025601A7500E1A8DF /* Frameworks */,
				4B9A13B125601A7500E1A8DF /* Resources */,
				4B08267D257685340003CC7A /* ShellScript */,
				4B597DA225BBFE76000277F6 /* Embed Frameworks */,
				D599E148F3AA7CEDEB8A9BB3 /* [CP] Embed Pods Frameworks */,
			);
			buildRules = (
			);
			dependencies = (
			);
			name = Apod;
			packageProductDependencies = (
				4B5C6901257851D300106DFC /* SDWebImageSwiftUI */,
			);
			productName = Apod;
			productReference = 4B9A13B325601A7500E1A8DF /* Apod.app */;
			productType = "com.apple.product-type.application";
		};
/* End PBXNativeTarget section */

/* Begin PBXProject section */
		4B9A13AB25601A7500E1A8DF /* Project object */ = {
			isa = PBXProject;
			attributes = {
				LastSwiftUpdateCheck = 1200;
				LastUpgradeCheck = 1200;
				TargetAttributes = {
					4B87321525A1AF8800658B89 = {
						CreatedOnToolsVersion = 12.0.1;
						TestTargetID = 4B9A13B225601A7500E1A8DF;
					};
					4B9A13B225601A7500E1A8DF = {
						CreatedOnToolsVersion = 12.0.1;
					};
				};
			};
			buildConfigurationList = 4B9A13AE25601A7500E1A8DF /* Build configuration list for PBXProject "Apod" */;
			compatibilityVersion = "Xcode 9.3";
			developmentRegion = en;
			hasScannedForEncodings = 0;
			knownRegions = (
				en,
				Base,
			);
			mainGroup = 4B9A13AA25601A7500E1A8DF;
			packageReferences = (
				4B5C6900257851D300106DFC /* XCRemoteSwiftPackageReference "SDWebImageSwiftUI" */,
			);
			productRefGroup = 4B9A13B425601A7500E1A8DF /* Products */;
			projectDirPath = "";
			projectRoot = "";
			targets = (
				4B9A13B225601A7500E1A8DF /* Apod */,
				4B87321525A1AF8800658B89 /* ApodTests */,
			);
		};
/* End PBXProject section */

/* Begin PBXResourcesBuildPhase section */
		4B87321425A1AF8800658B89 /* Resources */ = {
			isa = PBXResourcesBuildPhase;
			buildActionMask = 2147483647;
			files = (
			);
			runOnlyForDeploymentPostprocessing = 0;
		};
		4B9A13B125601A7500E1A8DF /* Resources */ = {
			isa = PBXResourcesBuildPhase;
			buildActionMask = 2147483647;
			files = (
				4B9A13BE25601A7800E1A8DF /* Preview Assets.xcassets in Resources */,
				4B9A13BB25601A7800E1A8DF /* Assets.xcassets in Resources */,
			);
			runOnlyForDeploymentPostprocessing = 0;
		};
/* End PBXResourcesBuildPhase section */

/* Begin PBXShellScriptBuildPhase section */
		4B08267D257685340003CC7A /* ShellScript */ = {
			isa = PBXShellScriptBuildPhase;
			buildActionMask = 2147483647;
			files = (
			);
			inputFileListPaths = (
			);
			inputPaths = (
			);
			outputFileListPaths = (
			);
			outputPaths = (
			);
			runOnlyForDeploymentPostprocessing = 0;
			shellPath = /bin/sh;
			shellScript = "if which swiftlint >/dev/null; then \n    swiftlint\nelse\n    echo \"warning: SwiftLint not installed, download from https://github.com/realm/SwiftLint\" \nfi\n";
		};
		B002C9EC258C8B9348F75D14 /* [CP] Check Pods Manifest.lock */ = {
			isa = PBXShellScriptBuildPhase;
			buildActionMask = 2147483647;
			files = (
			);
			inputFileListPaths = (
			);
			inputPaths = (
				"${PODS_PODFILE_DIR_PATH}/Podfile.lock",
				"${PODS_ROOT}/Manifest.lock",
			);
			name = "[CP] Check Pods Manifest.lock";
			outputFileListPaths = (
			);
			outputPaths = (
				"$(DERIVED_FILE_DIR)/Pods-Apod-checkManifestLockResult.txt",
			);
			runOnlyForDeploymentPostprocessing = 0;
			shellPath = /bin/sh;
			shellScript = "diff \"${PODS_PODFILE_DIR_PATH}/Podfile.lock\" \"${PODS_ROOT}/Manifest.lock\" > /dev/null\nif [ $? != 0 ] ; then\n    # print error to STDERR\n    echo \"error: The sandbox is not in sync with the Podfile.lock. Run 'pod install' or update your CocoaPods installation.\" >&2\n    exit 1\nfi\n# This output is used by Xcode 'outputs' to avoid re-running this script phase.\necho \"SUCCESS\" > \"${SCRIPT_OUTPUT_FILE_0}\"\n";
			showEnvVarsInLog = 0;
		};
		D599E148F3AA7CEDEB8A9BB3 /* [CP] Embed Pods Frameworks */ = {
			isa = PBXShellScriptBuildPhase;
			buildActionMask = 2147483647;
			files = (
			);
			inputFileListPaths = (
				"${PODS_ROOT}/Target Support Files/Pods-Apod/Pods-Apod-frameworks-${CONFIGURATION}-input-files.xcfilelist",
			);
			name = "[CP] Embed Pods Frameworks";
			outputFileListPaths = (
				"${PODS_ROOT}/Target Support Files/Pods-Apod/Pods-Apod-frameworks-${CONFIGURATION}-output-files.xcfilelist",
			);
			runOnlyForDeploymentPostprocessing = 0;
			shellPath = /bin/sh;
			shellScript = "\"${PODS_ROOT}/Target Support Files/Pods-Apod/Pods-Apod-frameworks.sh\"\n";
			showEnvVarsInLog = 0;
		};
/* End PBXShellScriptBuildPhase section */

/* Begin PBXSourcesBuildPhase section */
		4B87321225A1AF8800658B89 /* Sources */ = {
			isa = PBXSourcesBuildPhase;
			buildActionMask = 2147483647;
			files = (
				4B87321925A1AF8800658B89 /* ApodTests.swift in Sources */,
			);
			runOnlyForDeploymentPostprocessing = 0;
		};
		4B9A13AF25601A7500E1A8DF /* Sources */ = {
			isa = PBXSourcesBuildPhase;
			buildActionMask = 2147483647;
			files = (
				4BA445822575361900688AA8 /* AppContainer.swift in Sources */,
				4B27EE90256D5639006E2D5A /* ApodFetcher.swift in Sources */,
				4B9A13C025601A7800E1A8DF /* Persistence.swift in Sources */,
				4BFE420E2579A85200CD8A28 /* Profile.swift in Sources */,
				4B9A13C325601A7800E1A8DF /* ApodEntity.xcdatamodeld in Sources */,
				4BEC3DB32592012200DEEFE5 /* EmptyView.swift in Sources */,
				4B96701425792515001D0DD5 /* AppView.swift in Sources */,
				4BEC3DB02591FED800DEEFE5 /* LoadingView.swift in Sources */,
				4B18093825739D30005BEE75 /* DetailView.swift in Sources */,
				4B33B1E3256BFB7E005A8F31 /* ApodMapper.swift in Sources */,
				4B967011257924FC001D0DD5 /* Favorite.swift in Sources */,
				4B18093025738D2B005BEE75 /* HomeRouter.swift in Sources */,
				4B9A13B925601A7500E1A8DF /* Home.swift in Sources */,
				4B3B451D25901E910065099B /* FavoriteRouter.swift in Sources */,
				4BF3B8D12576FE1000A5309A /* ApodCell.swift in Sources */,
				4B9A13B725601A7500E1A8DF /* ApodApp.swift in Sources */,
			);
			runOnlyForDeploymentPostprocessing = 0;
		};
/* End PBXSourcesBuildPhase section */

/* Begin PBXTargetDependency section */
		4B87321C25A1AF8800658B89 /* PBXTargetDependency */ = {
			isa = PBXTargetDependency;
			target = 4B9A13B225601A7500E1A8DF /* Apod */;
			targetProxy = 4B87321B25A1AF8800658B89 /* PBXContainerItemProxy */;
		};
/* End PBXTargetDependency section */

/* Begin XCBuildConfiguration section */
		4B87321D25A1AF8800658B89 /* Debug */ = {
			isa = XCBuildConfiguration;
			buildSettings = {
				BUNDLE_LOADER = "$(TEST_HOST)";
				CODE_SIGN_STYLE = Automatic;
				DEVELOPMENT_TEAM = W4KGN5KBY5;
				INFOPLIST_FILE = ApodTests/Info.plist;
				LD_RUNPATH_SEARCH_PATHS = (
					"$(inherited)",
					"@executable_path/Frameworks",
					"@loader_path/Frameworks",
				);
				PRODUCT_BUNDLE_IDENTIFIER = com.deltadirac.ApodTests;
				PRODUCT_NAME = "$(TARGET_NAME)";
				SWIFT_VERSION = 5.0;
				TARGETED_DEVICE_FAMILY = "1,2";
				TEST_HOST = "$(BUILT_PRODUCTS_DIR)/Apod.app/Apod";
			};
			name = Debug;
		};
		4B87321E25A1AF8800658B89 /* Release */ = {
			isa = XCBuildConfiguration;
			buildSettings = {
				BUNDLE_LOADER = "$(TEST_HOST)";
				CODE_SIGN_STYLE = Automatic;
				DEVELOPMENT_TEAM = W4KGN5KBY5;
				INFOPLIST_FILE = ApodTests/Info.plist;
				LD_RUNPATH_SEARCH_PATHS = (
					"$(inherited)",
					"@executable_path/Frameworks",
					"@loader_path/Frameworks",
				);
				PRODUCT_BUNDLE_IDENTIFIER = com.deltadirac.ApodTests;
				PRODUCT_NAME = "$(TARGET_NAME)";
				SWIFT_VERSION = 5.0;
				TARGETED_DEVICE_FAMILY = "1,2";
				TEST_HOST = "$(BUILT_PRODUCTS_DIR)/Apod.app/Apod";
			};
			name = Release;
		};
		4B9A13C525601A7800E1A8DF /* Debug */ = {
			isa = XCBuildConfiguration;
			buildSettings = {
				ALWAYS_SEARCH_USER_PATHS = NO;
				CLANG_ANALYZER_NONNULL = YES;
				CLANG_ANALYZER_NUMBER_OBJECT_CONVERSION = YES_AGGRESSIVE;
				CLANG_CXX_LANGUAGE_STANDARD = "gnu++14";
				CLANG_CXX_LIBRARY = "libc++";
				CLANG_ENABLE_MODULES = YES;
				CLANG_ENABLE_OBJC_ARC = YES;
				CLANG_ENABLE_OBJC_WEAK = YES;
				CLANG_WARN_BLOCK_CAPTURE_AUTORELEASING = YES;
				CLANG_WARN_BOOL_CONVERSION = YES;
				CLANG_WARN_COMMA = YES;
				CLANG_WARN_CONSTANT_CONVERSION = YES;
				CLANG_WARN_DEPRECATED_OBJC_IMPLEMENTATIONS = YES;
				CLANG_WARN_DIRECT_OBJC_ISA_USAGE = YES_ERROR;
				CLANG_WARN_DOCUMENTATION_COMMENTS = YES;
				CLANG_WARN_EMPTY_BODY = YES;
				CLANG_WARN_ENUM_CONVERSION = YES;
				CLANG_WARN_INFINITE_RECURSION = YES;
				CLANG_WARN_INT_CONVERSION = YES;
				CLANG_WARN_NON_LITERAL_NULL_CONVERSION = YES;
				CLANG_WARN_OBJC_IMPLICIT_RETAIN_SELF = YES;
				CLANG_WARN_OBJC_LITERAL_CONVERSION = YES;
				CLANG_WARN_OBJC_ROOT_CLASS = YES_ERROR;
				CLANG_WARN_QUOTED_INCLUDE_IN_FRAMEWORK_HEADER = YES;
				CLANG_WARN_RANGE_LOOP_ANALYSIS = YES;
				CLANG_WARN_STRICT_PROTOTYPES = YES;
				CLANG_WARN_SUSPICIOUS_MOVE = YES;
				CLANG_WARN_UNGUARDED_AVAILABILITY = YES_AGGRESSIVE;
				CLANG_WARN_UNREACHABLE_CODE = YES;
				CLANG_WARN__DUPLICATE_METHOD_MATCH = YES;
				COPY_PHASE_STRIP = NO;
				DEBUG_INFORMATION_FORMAT = dwarf;
				ENABLE_STRICT_OBJC_MSGSEND = YES;
				ENABLE_TESTABILITY = YES;
				GCC_C_LANGUAGE_STANDARD = gnu11;
				GCC_DYNAMIC_NO_PIC = NO;
				GCC_NO_COMMON_BLOCKS = YES;
				GCC_OPTIMIZATION_LEVEL = 0;
				GCC_PREPROCESSOR_DEFINITIONS = (
					"DEBUG=1",
					"$(inherited)",
				);
				GCC_WARN_64_TO_32_BIT_CONVERSION = YES;
				GCC_WARN_ABOUT_RETURN_TYPE = YES_ERROR;
				GCC_WARN_UNDECLARED_SELECTOR = YES;
				GCC_WARN_UNINITIALIZED_AUTOS = YES_AGGRESSIVE;
				GCC_WARN_UNUSED_FUNCTION = YES;
				GCC_WARN_UNUSED_VARIABLE = YES;
				IPHONEOS_DEPLOYMENT_TARGET = 14.0;
				MTL_ENABLE_DEBUG_INFO = INCLUDE_SOURCE;
				MTL_FAST_MATH = YES;
				ONLY_ACTIVE_ARCH = YES;
				SDKROOT = iphoneos;
				SWIFT_ACTIVE_COMPILATION_CONDITIONS = DEBUG;
				SWIFT_OPTIMIZATION_LEVEL = "-Onone";
			};
			name = Debug;
		};
		4B9A13C625601A7800E1A8DF /* Release */ = {
			isa = XCBuildConfiguration;
			buildSettings = {
				ALWAYS_SEARCH_USER_PATHS = NO;
				CLANG_ANALYZER_NONNULL = YES;
				CLANG_ANALYZER_NUMBER_OBJECT_CONVERSION = YES_AGGRESSIVE;
				CLANG_CXX_LANGUAGE_STANDARD = "gnu++14";
				CLANG_CXX_LIBRARY = "libc++";
				CLANG_ENABLE_MODULES = YES;
				CLANG_ENABLE_OBJC_ARC = YES;
				CLANG_ENABLE_OBJC_WEAK = YES;
				CLANG_WARN_BLOCK_CAPTURE_AUTORELEASING = YES;
				CLANG_WARN_BOOL_CONVERSION = YES;
				CLANG_WARN_COMMA = YES;
				CLANG_WARN_CONSTANT_CONVERSION = YES;
				CLANG_WARN_DEPRECATED_OBJC_IMPLEMENTATIONS = YES;
				CLANG_WARN_DIRECT_OBJC_ISA_USAGE = YES_ERROR;
				CLANG_WARN_DOCUMENTATION_COMMENTS = YES;
				CLANG_WARN_EMPTY_BODY = YES;
				CLANG_WARN_ENUM_CONVERSION = YES;
				CLANG_WARN_INFINITE_RECURSION = YES;
				CLANG_WARN_INT_CONVERSION = YES;
				CLANG_WARN_NON_LITERAL_NULL_CONVERSION = YES;
				CLANG_WARN_OBJC_IMPLICIT_RETAIN_SELF = YES;
				CLANG_WARN_OBJC_LITERAL_CONVERSION = YES;
				CLANG_WARN_OBJC_ROOT_CLASS = YES_ERROR;
				CLANG_WARN_QUOTED_INCLUDE_IN_FRAMEWORK_HEADER = YES;
				CLANG_WARN_RANGE_LOOP_ANALYSIS = YES;
				CLANG_WARN_STRICT_PROTOTYPES = YES;
				CLANG_WARN_SUSPICIOUS_MOVE = YES;
				CLANG_WARN_UNGUARDED_AVAILABILITY = YES_AGGRESSIVE;
				CLANG_WARN_UNREACHABLE_CODE = YES;
				CLANG_WARN__DUPLICATE_METHOD_MATCH = YES;
				COPY_PHASE_STRIP = NO;
				DEBUG_INFORMATION_FORMAT = "dwarf-with-dsym";
				ENABLE_NS_ASSERTIONS = NO;
				ENABLE_STRICT_OBJC_MSGSEND = YES;
				GCC_C_LANGUAGE_STANDARD = gnu11;
				GCC_NO_COMMON_BLOCKS = YES;
				GCC_WARN_64_TO_32_BIT_CONVERSION = YES;
				GCC_WARN_ABOUT_RETURN_TYPE = YES_ERROR;
				GCC_WARN_UNDECLARED_SELECTOR = YES;
				GCC_WARN_UNINITIALIZED_AUTOS = YES_AGGRESSIVE;
				GCC_WARN_UNUSED_FUNCTION = YES;
				GCC_WARN_UNUSED_VARIABLE = YES;
				IPHONEOS_DEPLOYMENT_TARGET = 14.0;
				MTL_ENABLE_DEBUG_INFO = NO;
				MTL_FAST_MATH = YES;
				SDKROOT = iphoneos;
				SWIFT_COMPILATION_MODE = wholemodule;
				SWIFT_OPTIMIZATION_LEVEL = "-O";
				VALIDATE_PRODUCT = YES;
			};
			name = Release;
		};
		4B9A13C825601A7800E1A8DF /* Debug */ = {
			isa = XCBuildConfiguration;
			baseConfigurationReference = 387DCF13CB9265B8C31770BB /* Pods-Apod.debug.xcconfig */;
			buildSettings = {
				ASSETCATALOG_COMPILER_APPICON_NAME = AppIcon;
				ASSETCATALOG_COMPILER_GLOBAL_ACCENT_COLOR_NAME = AccentColor;
				CODE_SIGN_STYLE = Automatic;
				DEVELOPMENT_ASSET_PATHS = "\"Apod/Preview Content\"";
				DEVELOPMENT_TEAM = W4KGN5KBY5;
				ENABLE_PREVIEWS = YES;
				INFOPLIST_FILE = Apod/Info.plist;
				IPHONEOS_DEPLOYMENT_TARGET = 14.0;
				LD_RUNPATH_SEARCH_PATHS = (
					"$(inherited)",
					"@executable_path/Frameworks",
				);
				PRODUCT_BUNDLE_IDENTIFIER = com.deltadirac.Apod;
				PRODUCT_NAME = "$(TARGET_NAME)";
				SWIFT_INSTALL_OBJC_HEADER = YES;
				SWIFT_VERSION = 5.0;
				TARGETED_DEVICE_FAMILY = "1,2";
			};
			name = Debug;
		};
		4B9A13C925601A7800E1A8DF /* Release */ = {
			isa = XCBuildConfiguration;
			baseConfigurationReference = 3F8DD67200B8D27F93900FD3 /* Pods-Apod.release.xcconfig */;
			buildSettings = {
				ASSETCATALOG_COMPILER_APPICON_NAME = AppIcon;
				ASSETCATALOG_COMPILER_GLOBAL_ACCENT_COLOR_NAME = AccentColor;
				CODE_SIGN_STYLE = Automatic;
				DEVELOPMENT_ASSET_PATHS = "\"Apod/Preview Content\"";
				DEVELOPMENT_TEAM = W4KGN5KBY5;
				ENABLE_PREVIEWS = YES;
				INFOPLIST_FILE = Apod/Info.plist;
				IPHONEOS_DEPLOYMENT_TARGET = 14.0;
				LD_RUNPATH_SEARCH_PATHS = (
					"$(inherited)",
					"@executable_path/Frameworks",
				);
				PRODUCT_BUNDLE_IDENTIFIER = com.deltadirac.Apod;
				PRODUCT_NAME = "$(TARGET_NAME)";
				SWIFT_INSTALL_OBJC_HEADER = YES;
				SWIFT_VERSION = 5.0;
				TARGETED_DEVICE_FAMILY = "1,2";
			};
			name = Release;
		};
/* End XCBuildConfiguration section */

/* Begin XCConfigurationList section */
		4B87321F25A1AF8800658B89 /* Build configuration list for PBXNativeTarget "ApodTests" */ = {
			isa = XCConfigurationList;
			buildConfigurations = (
				4B87321D25A1AF8800658B89 /* Debug */,
				4B87321E25A1AF8800658B89 /* Release */,
			);
			defaultConfigurationIsVisible = 0;
			defaultConfigurationName = Release;
		};
		4B9A13AE25601A7500E1A8DF /* Build configuration list for PBXProject "Apod" */ = {
			isa = XCConfigurationList;
			buildConfigurations = (
				4B9A13C525601A7800E1A8DF /* Debug */,
				4B9A13C625601A7800E1A8DF /* Release */,
			);
			defaultConfigurationIsVisible = 0;
			defaultConfigurationName = Release;
		};
		4B9A13C725601A7800E1A8DF /* Build configuration list for PBXNativeTarget "Apod" */ = {
			isa = XCConfigurationList;
			buildConfigurations = (
				4B9A13C825601A7800E1A8DF /* Debug */,
				4B9A13C925601A7800E1A8DF /* Release */,
			);
			defaultConfigurationIsVisible = 0;
			defaultConfigurationName = Release;
		};
/* End XCConfigurationList section */

/* Begin XCRemoteSwiftPackageReference section */
		4B5C6900257851D300106DFC /* XCRemoteSwiftPackageReference "SDWebImageSwiftUI" */ = {
			isa = XCRemoteSwiftPackageReference;
			repositoryURL = "https://github.com/SDWebImage/SDWebImageSwiftUI";
			requirement = {
				kind = upToNextMajorVersion;
				minimumVersion = 1.5.0;
			};
		};
/* End XCRemoteSwiftPackageReference section */

/* Begin XCSwiftPackageProductDependency section */
		4B5C6901257851D300106DFC /* SDWebImageSwiftUI */ = {
			isa = XCSwiftPackageProductDependency;
			package = 4B5C6900257851D300106DFC /* XCRemoteSwiftPackageReference "SDWebImageSwiftUI" */;
			productName = SDWebImageSwiftUI;
		};
/* End XCSwiftPackageProductDependency section */

/* Begin XCVersionGroup section */
		4B9A13C125601A7800E1A8DF /* ApodEntity.xcdatamodeld */ = {
			isa = XCVersionGroup;
			children = (
				4B9A13C225601A7800E1A8DF /* Apod.xcdatamodel */,
			);
			currentVersion = 4B9A13C225601A7800E1A8DF /* Apod.xcdatamodel */;
			path = ApodEntity.xcdatamodeld;
			sourceTree = "<group>";
			versionGroupType = wrapper.xcdatamodel;
		};
/* End XCVersionGroup section */
	};
	rootObject = 4B9A13AB25601A7500E1A8DF /* Project object */;
}
