// !$*UTF8*$!
{
	archiveVersion = 1;
	classes = {
	};
	objectVersion = 52;
	objects = {

/* Begin PBXBuildFile section */
		4B0F79D9256DBC4000A58E07 /* RemoteDataSource.swift in Sources */ = {isa = PBXBuildFile; fileRef = 4B0F79D8256DBC4000A58E07 /* RemoteDataSource.swift */; };
		4B0F79DD256DC35F00A58E07 /* ApodRepository.swift in Sources */ = {isa = PBXBuildFile; fileRef = 4B0F79DC256DC35F00A58E07 /* ApodRepository.swift */; };
		4B18092D25722126005BEE75 /* HomePresenter.swift in Sources */ = {isa = PBXBuildFile; fileRef = 4B18092C25722126005BEE75 /* HomePresenter.swift */; };
		4B18093025738D2B005BEE75 /* HomeRouter.swift in Sources */ = {isa = PBXBuildFile; fileRef = 4B18092F25738D2B005BEE75 /* HomeRouter.swift */; };
		4B18093525738DA6005BEE75 /* DetailPresenter.swift in Sources */ = {isa = PBXBuildFile; fileRef = 4B18093425738DA6005BEE75 /* DetailPresenter.swift */; };
		4B18093825739D30005BEE75 /* DetailView.swift in Sources */ = {isa = PBXBuildFile; fileRef = 4B18093725739D30005BEE75 /* DetailView.swift */; };
		4B18093B25739D6E005BEE75 /* DetailInteractor.swift in Sources */ = {isa = PBXBuildFile; fileRef = 4B18093A25739D6E005BEE75 /* DetailInteractor.swift */; };
		4B27EE90256D5639006E2D5A /* ApodFetcher.swift in Sources */ = {isa = PBXBuildFile; fileRef = 4B27EE8F256D5639006E2D5A /* ApodFetcher.swift */; };
		4B2F0F42257BDF4F000344CC /* LocalDataSource.swift in Sources */ = {isa = PBXBuildFile; fileRef = 4B2F0F41257BDF4F000344CC /* LocalDataSource.swift */; };
		4B33B1D4256BF3C9005A8F31 /* HomeInteractor.swift in Sources */ = {isa = PBXBuildFile; fileRef = 4B33B1D3256BF3C9005A8F31 /* HomeInteractor.swift */; };
		4B33B1DE256BF961005A8F31 /* ApodsResponse.swift in Sources */ = {isa = PBXBuildFile; fileRef = 4B33B1DD256BF961005A8F31 /* ApodsResponse.swift */; };
		4B33B1E3256BFB7E005A8F31 /* ApodMapper.swift in Sources */ = {isa = PBXBuildFile; fileRef = 4B33B1E2256BFB7E005A8F31 /* ApodMapper.swift */; };
		4B3B451D25901E910065099B /* FavoriteRouter.swift in Sources */ = {isa = PBXBuildFile; fileRef = 4B3B451C25901E910065099B /* FavoriteRouter.swift */; };
		4B5C6902257851D300106DFC /* SDWebImageSwiftUI in Frameworks */ = {isa = PBXBuildFile; productRef = 4B5C6901257851D300106DFC /* SDWebImageSwiftUI */; };
		4B967011257924FC001D0DD5 /* Favorite.swift in Sources */ = {isa = PBXBuildFile; fileRef = 4B967010257924FC001D0DD5 /* Favorite.swift */; };
		4B96701425792515001D0DD5 /* AppView.swift in Sources */ = {isa = PBXBuildFile; fileRef = 4B96701325792515001D0DD5 /* AppView.swift */; };
		4B9A13B725601A7500E1A8DF /* ApodApp.swift in Sources */ = {isa = PBXBuildFile; fileRef = 4B9A13B625601A7500E1A8DF /* ApodApp.swift */; };
		4B9A13B925601A7500E1A8DF /* Home.swift in Sources */ = {isa = PBXBuildFile; fileRef = 4B9A13B825601A7500E1A8DF /* Home.swift */; };
		4B9A13BB25601A7800E1A8DF /* Assets.xcassets in Resources */ = {isa = PBXBuildFile; fileRef = 4B9A13BA25601A7800E1A8DF /* Assets.xcassets */; };
		4B9A13BE25601A7800E1A8DF /* Preview Assets.xcassets in Resources */ = {isa = PBXBuildFile; fileRef = 4B9A13BD25601A7800E1A8DF /* Preview Assets.xcassets */; };
		4B9A13C025601A7800E1A8DF /* Persistence.swift in Sources */ = {isa = PBXBuildFile; fileRef = 4B9A13BF25601A7800E1A8DF /* Persistence.swift */; };
		4B9A13C325601A7800E1A8DF /* ApodEntity.xcdatamodeld in Sources */ = {isa = PBXBuildFile; fileRef = 4B9A13C125601A7800E1A8DF /* ApodEntity.xcdatamodeld */; };
		4B9A13CF25601FE500E1A8DF /* Apod.swift in Sources */ = {isa = PBXBuildFile; fileRef = 4B9A13CE25601FE500E1A8DF /* Apod.swift */; };
		4BA445822575361900688AA8 /* AppContainer.swift in Sources */ = {isa = PBXBuildFile; fileRef = 4BA445812575361900688AA8 /* AppContainer.swift */; };
		4BB3DA80258F22E900981F23 /* FavoritePresenter.swift in Sources */ = {isa = PBXBuildFile; fileRef = 4BB3DA7F258F22E900981F23 /* FavoritePresenter.swift */; };
		4BB3DA84258F23F100981F23 /* FavoriteInteractor.swift in Sources */ = {isa = PBXBuildFile; fileRef = 4BB3DA83258F23F100981F23 /* FavoriteInteractor.swift */; };
		4BEC3DB02591FED800DEEFE5 /* LoadingView.swift in Sources */ = {isa = PBXBuildFile; fileRef = 4BEC3DAF2591FED800DEEFE5 /* LoadingView.swift */; };
		4BEC3DB32592012200DEEFE5 /* EmptyView.swift in Sources */ = {isa = PBXBuildFile; fileRef = 4BEC3DB22592012200DEEFE5 /* EmptyView.swift */; };
		4BF3B8D12576FE1000A5309A /* ApodCell.swift in Sources */ = {isa = PBXBuildFile; fileRef = 4BF3B8D02576FE1000A5309A /* ApodCell.swift */; };
		4BFE420E2579A85200CD8A28 /* Search.swift in Sources */ = {isa = PBXBuildFile; fileRef = 4BFE420D2579A85200CD8A28 /* Search.swift */; };
/* End PBXBuildFile section */

/* Begin PBXFileReference section */
		4B0F79D8256DBC4000A58E07 /* RemoteDataSource.swift */ = {isa = PBXFileReference; lastKnownFileType = sourcecode.swift; path = RemoteDataSource.swift; sourceTree = "<group>"; };
		4B0F79DC256DC35F00A58E07 /* ApodRepository.swift */ = {isa = PBXFileReference; lastKnownFileType = sourcecode.swift; path = ApodRepository.swift; sourceTree = "<group>"; };
		4B18092C25722126005BEE75 /* HomePresenter.swift */ = {isa = PBXFileReference; lastKnownFileType = sourcecode.swift; path = HomePresenter.swift; sourceTree = "<group>"; };
		4B18092F25738D2B005BEE75 /* HomeRouter.swift */ = {isa = PBXFileReference; lastKnownFileType = sourcecode.swift; path = HomeRouter.swift; sourceTree = "<group>"; };
		4B18093425738DA6005BEE75 /* DetailPresenter.swift */ = {isa = PBXFileReference; lastKnownFileType = sourcecode.swift; path = DetailPresenter.swift; sourceTree = "<group>"; };
		4B18093725739D30005BEE75 /* DetailView.swift */ = {isa = PBXFileReference; lastKnownFileType = sourcecode.swift; path = DetailView.swift; sourceTree = "<group>"; };
		4B18093A25739D6E005BEE75 /* DetailInteractor.swift */ = {isa = PBXFileReference; lastKnownFileType = sourcecode.swift; path = DetailInteractor.swift; sourceTree = "<group>"; };
		4B27EE8F256D5639006E2D5A /* ApodFetcher.swift */ = {isa = PBXFileReference; lastKnownFileType = sourcecode.swift; path = ApodFetcher.swift; sourceTree = "<group>"; };
		4B2F0F41257BDF4F000344CC /* LocalDataSource.swift */ = {isa = PBXFileReference; lastKnownFileType = sourcecode.swift; path = LocalDataSource.swift; sourceTree = "<group>"; };
		4B33B1D3256BF3C9005A8F31 /* HomeInteractor.swift */ = {isa = PBXFileReference; lastKnownFileType = sourcecode.swift; path = HomeInteractor.swift; sourceTree = "<group>"; };
		4B33B1DD256BF961005A8F31 /* ApodsResponse.swift */ = {isa = PBXFileReference; lastKnownFileType = sourcecode.swift; path = ApodsResponse.swift; sourceTree = "<group>"; };
		4B33B1E2256BFB7E005A8F31 /* ApodMapper.swift */ = {isa = PBXFileReference; lastKnownFileType = sourcecode.swift; path = ApodMapper.swift; sourceTree = "<group>"; };
		4B3B451C25901E910065099B /* FavoriteRouter.swift */ = {isa = PBXFileReference; lastKnownFileType = sourcecode.swift; path = FavoriteRouter.swift; sourceTree = "<group>"; };
		4B967010257924FC001D0DD5 /* Favorite.swift */ = {isa = PBXFileReference; lastKnownFileType = sourcecode.swift; path = Favorite.swift; sourceTree = "<group>"; };
		4B96701325792515001D0DD5 /* AppView.swift */ = {isa = PBXFileReference; lastKnownFileType = sourcecode.swift; path = AppView.swift; sourceTree = "<group>"; };
		4B9A13B325601A7500E1A8DF /* Apod.app */ = {isa = PBXFileReference; explicitFileType = wrapper.application; includeInIndex = 0; path = Apod.app; sourceTree = BUILT_PRODUCTS_DIR; };
		4B9A13B625601A7500E1A8DF /* ApodApp.swift */ = {isa = PBXFileReference; lastKnownFileType = sourcecode.swift; path = ApodApp.swift; sourceTree = "<group>"; };
		4B9A13B825601A7500E1A8DF /* Home.swift */ = {isa = PBXFileReference; lastKnownFileType = sourcecode.swift; path = Home.swift; sourceTree = "<group>"; };
		4B9A13BA25601A7800E1A8DF /* Assets.xcassets */ = {isa = PBXFileReference; lastKnownFileType = folder.assetcatalog; path = Assets.xcassets; sourceTree = "<group>"; };
		4B9A13BD25601A7800E1A8DF /* Preview Assets.xcassets */ = {isa = PBXFileReference; lastKnownFileType = folder.assetcatalog; path = "Preview Assets.xcassets"; sourceTree = "<group>"; };
		4B9A13BF25601A7800E1A8DF /* Persistence.swift */ = {isa = PBXFileReference; lastKnownFileType = sourcecode.swift; path = Persistence.swift; sourceTree = "<group>"; };
		4B9A13C225601A7800E1A8DF /* Apod.xcdatamodel */ = {isa = PBXFileReference; lastKnownFileType = wrapper.xcdatamodel; path = Apod.xcdatamodel; sourceTree = "<group>"; };
		4B9A13C425601A7800E1A8DF /* Info.plist */ = {isa = PBXFileReference; lastKnownFileType = text.plist.xml; path = Info.plist; sourceTree = "<group>"; };
		4B9A13CE25601FE500E1A8DF /* Apod.swift */ = {isa = PBXFileReference; lastKnownFileType = sourcecode.swift; path = Apod.swift; sourceTree = "<group>"; };
		4BA445812575361900688AA8 /* AppContainer.swift */ = {isa = PBXFileReference; lastKnownFileType = sourcecode.swift; path = AppContainer.swift; sourceTree = "<group>"; };
		4BB3DA7F258F22E900981F23 /* FavoritePresenter.swift */ = {isa = PBXFileReference; lastKnownFileType = sourcecode.swift; path = FavoritePresenter.swift; sourceTree = "<group>"; };
		4BB3DA83258F23F100981F23 /* FavoriteInteractor.swift */ = {isa = PBXFileReference; lastKnownFileType = sourcecode.swift; path = FavoriteInteractor.swift; sourceTree = "<group>"; };
		4BEC3DAF2591FED800DEEFE5 /* LoadingView.swift */ = {isa = PBXFileReference; lastKnownFileType = sourcecode.swift; path = LoadingView.swift; sourceTree = "<group>"; };
		4BEC3DB22592012200DEEFE5 /* EmptyView.swift */ = {isa = PBXFileReference; lastKnownFileType = sourcecode.swift; path = EmptyView.swift; sourceTree = "<group>"; };
		4BF3B8D02576FE1000A5309A /* ApodCell.swift */ = {isa = PBXFileReference; lastKnownFileType = sourcecode.swift; path = ApodCell.swift; sourceTree = "<group>"; };
		4BFE420D2579A85200CD8A28 /* Search.swift */ = {isa = PBXFileReference; lastKnownFileType = sourcecode.swift; path = Search.swift; sourceTree = "<group>"; };
/* End PBXFileReference section */

/* Begin PBXFrameworksBuildPhase section */
		4B9A13B025601A7500E1A8DF /* Frameworks */ = {
			isa = PBXFrameworksBuildPhase;
			buildActionMask = 2147483647;
			files = (
				4B5C6902257851D300106DFC /* SDWebImageSwiftUI in Frameworks */,
			);
			runOnlyForDeploymentPostprocessing = 0;
		};
/* End PBXFrameworksBuildPhase section */

/* Begin PBXGroup section */
		4B18093325738D81005BEE75 /* Detail */ = {
			isa = PBXGroup;
			children = (
				4B18093425738DA6005BEE75 /* DetailPresenter.swift */,
				4B18093725739D30005BEE75 /* DetailView.swift */,
			);
			path = Detail;
			sourceTree = "<group>";
		};
		4B27EE8E256D5626006E2D5A /* Network */ = {
			isa = PBXGroup;
			children = (
				4B27EE8F256D5639006E2D5A /* ApodFetcher.swift */,
			);
			path = Network;
			sourceTree = "<group>";
		};
		4B33B1CC256BF333005A8F31 /* Core */ = {
			isa = PBXGroup;
			children = (
				4B33B1D0256BF36A005A8F31 /* Domain */,
				4B33B1CF256BF366005A8F31 /* Data */,
			);
			path = Core;
			sourceTree = "<group>";
		};
		4B33B1CE256BF34A005A8F31 /* Module */ = {
			isa = PBXGroup;
			children = (
				4BFE420C2579A83D00CD8A28 /* Search */,
				4B9670162579260C001D0DD5 /* Favorite */,
				4B18093325738D81005BEE75 /* Detail */,
				4BDB33B2257156FA00F56410 /* Home */,
			);
			path = Module;
			sourceTree = "<group>";
		};
		4B33B1CF256BF366005A8F31 /* Data */ = {
			isa = PBXGroup;
			children = (
				4B0F79DC256DC35F00A58E07 /* ApodRepository.swift */,
				4B33B1D8256BF489005A8F31 /* Remote */,
				4B33B1D7256BF483005A8F31 /* Local */,
			);
			path = Data;
			sourceTree = "<group>";
		};
		4B33B1D0256BF36A005A8F31 /* Domain */ = {
			isa = PBXGroup;
			children = (
				4B33B1D1256BF376005A8F31 /* Model */,
				4B33B1D2256BF39F005A8F31 /* UseCase */,
			);
			path = Domain;
			sourceTree = "<group>";
		};
		4B33B1D1256BF376005A8F31 /* Model */ = {
			isa = PBXGroup;
			children = (
				4B9A13CE25601FE500E1A8DF /* Apod.swift */,
			);
			path = Model;
			sourceTree = "<group>";
		};
		4B33B1D2256BF39F005A8F31 /* UseCase */ = {
			isa = PBXGroup;
			children = (
				4BB3DA83258F23F100981F23 /* FavoriteInteractor.swift */,
				4B18093A25739D6E005BEE75 /* DetailInteractor.swift */,
				4B33B1D3256BF3C9005A8F31 /* HomeInteractor.swift */,
			);
			path = UseCase;
			sourceTree = "<group>";
		};
		4B33B1D7256BF483005A8F31 /* Local */ = {
			isa = PBXGroup;
			children = (
				4B2F0F41257BDF4F000344CC /* LocalDataSource.swift */,
			);
			path = Local;
			sourceTree = "<group>";
		};
		4B33B1D8256BF489005A8F31 /* Remote */ = {
			isa = PBXGroup;
			children = (
				4B33B1DC256BF94A005A8F31 /* Response */,
				4B0F79D8256DBC4000A58E07 /* RemoteDataSource.swift */,
			);
			path = Remote;
			sourceTree = "<group>";
		};
		4B33B1DC256BF94A005A8F31 /* Response */ = {
			isa = PBXGroup;
			children = (
				4B33B1DD256BF961005A8F31 /* ApodsResponse.swift */,
			);
			path = Response;
			sourceTree = "<group>";
		};
		4B33B1E1256BFB5D005A8F31 /* Utils */ = {
			isa = PBXGroup;
			children = (
				4BF3B8CF2576FD7600A5309A /* Views */,
				4B27EE8E256D5626006E2D5A /* Network */,
				4B33B1E2256BFB7E005A8F31 /* ApodMapper.swift */,
			);
			path = Utils;
			sourceTree = "<group>";
		};
		4B9670162579260C001D0DD5 /* Favorite */ = {
			isa = PBXGroup;
			children = (
				4BB3DA7F258F22E900981F23 /* FavoritePresenter.swift */,
				4B3B451C25901E910065099B /* FavoriteRouter.swift */,
				4B967010257924FC001D0DD5 /* Favorite.swift */,
			);
			path = Favorite;
			sourceTree = "<group>";
		};
		4B9A13AA25601A7500E1A8DF = {
			isa = PBXGroup;
			children = (
				4B9A13B525601A7500E1A8DF /* Apod */,
				4B9A13B425601A7500E1A8DF /* Products */,
			);
			sourceTree = "<group>";
		};
		4B9A13B425601A7500E1A8DF /* Products */ = {
			isa = PBXGroup;
			children = (
				4B9A13B325601A7500E1A8DF /* Apod.app */,
			);
			name = Products;
			sourceTree = "<group>";
		};
		4B9A13B525601A7500E1A8DF /* Apod */ = {
			isa = PBXGroup;
			children = (
				4B9A13B625601A7500E1A8DF /* ApodApp.swift */,
				4BA445812575361900688AA8 /* AppContainer.swift */,
				4B96701325792515001D0DD5 /* AppView.swift */,
				4B33B1CE256BF34A005A8F31 /* Module */,
				4B33B1CC256BF333005A8F31 /* Core */,
				4B33B1E1256BFB5D005A8F31 /* Utils */,
				4B9A13BA25601A7800E1A8DF /* Assets.xcassets */,
				4B9A13BF25601A7800E1A8DF /* Persistence.swift */,
				4B9A13C425601A7800E1A8DF /* Info.plist */,
				4B9A13C125601A7800E1A8DF /* ApodEntity.xcdatamodeld */,
				4B9A13BC25601A7800E1A8DF /* Preview Content */,
			);
			path = Apod;
			sourceTree = "<group>";
		};
		4B9A13BC25601A7800E1A8DF /* Preview Content */ = {
			isa = PBXGroup;
			children = (
				4B9A13BD25601A7800E1A8DF /* Preview Assets.xcassets */,
			);
			path = "Preview Content";
			sourceTree = "<group>";
		};
		4BDB33B2257156FA00F56410 /* Home */ = {
			isa = PBXGroup;
			children = (
				4B18092C25722126005BEE75 /* HomePresenter.swift */,
				4B18092F25738D2B005BEE75 /* HomeRouter.swift */,
				4B9A13B825601A7500E1A8DF /* Home.swift */,
			);
			path = Home;
			sourceTree = "<group>";
		};
		4BF3B8CF2576FD7600A5309A /* Views */ = {
			isa = PBXGroup;
			children = (
				4BF3B8D02576FE1000A5309A /* ApodCell.swift */,
				4BEC3DAF2591FED800DEEFE5 /* LoadingView.swift */,
				4BEC3DB22592012200DEEFE5 /* EmptyView.swift */,
			);
			path = Views;
			sourceTree = "<group>";
		};
		4BFE420C2579A83D00CD8A28 /* Search */ = {
			isa = PBXGroup;
			children = (
				4BFE420D2579A85200CD8A28 /* Search.swift */,
			);
			path = Search;
			sourceTree = "<group>";
		};
/* End PBXGroup section */

/* Begin PBXNativeTarget section */
		4B9A13B225601A7500E1A8DF /* Apod */ = {
			isa = PBXNativeTarget;
			buildConfigurationList = 4B9A13C725601A7800E1A8DF /* Build configuration list for PBXNativeTarget "Apod" */;
			buildPhases = (
				4B9A13AF25601A7500E1A8DF /* Sources */,
				4B9A13B025601A7500E1A8DF /* Frameworks */,
				4B9A13B125601A7500E1A8DF /* Resources */,
				4B08267D257685340003CC7A /* ShellScript */,
			);
			buildRules = (
			);
			dependencies = (
			);
			name = Apod;
			packageProductDependencies = (
				4B5C6901257851D300106DFC /* SDWebImageSwiftUI */,
			);
			productName = Apod;
			productReference = 4B9A13B325601A7500E1A8DF /* Apod.app */;
			productType = "com.apple.product-type.application";
		};
/* End PBXNativeTarget section */

/* Begin PBXProject section */
		4B9A13AB25601A7500E1A8DF /* Project object */ = {
			isa = PBXProject;
			attributes = {
				LastSwiftUpdateCheck = 1200;
				LastUpgradeCheck = 1200;
				TargetAttributes = {
					4B9A13B225601A7500E1A8DF = {
						CreatedOnToolsVersion = 12.0.1;
					};
				};
			};
			buildConfigurationList = 4B9A13AE25601A7500E1A8DF /* Build configuration list for PBXProject "Apod" */;
			compatibilityVersion = "Xcode 9.3";
			developmentRegion = en;
			hasScannedForEncodings = 0;
			knownRegions = (
				en,
				Base,
			);
			mainGroup = 4B9A13AA25601A7500E1A8DF;
			packageReferences = (
				4B5C6900257851D300106DFC /* XCRemoteSwiftPackageReference "SDWebImageSwiftUI" */,
			);
			productRefGroup = 4B9A13B425601A7500E1A8DF /* Products */;
			projectDirPath = "";
			projectRoot = "";
			targets = (
				4B9A13B225601A7500E1A8DF /* Apod */,
			);
		};
/* End PBXProject section */

/* Begin PBXResourcesBuildPhase section */
		4B9A13B125601A7500E1A8DF /* Resources */ = {
			isa = PBXResourcesBuildPhase;
			buildActionMask = 2147483647;
			files = (
				4B9A13BE25601A7800E1A8DF /* Preview Assets.xcassets in Resources */,
				4B9A13BB25601A7800E1A8DF /* Assets.xcassets in Resources */,
			);
			runOnlyForDeploymentPostprocessing = 0;
		};
/* End PBXResourcesBuildPhase section */

/* Begin PBXShellScriptBuildPhase section */
		4B08267D257685340003CC7A /* ShellScript */ = {
			isa = PBXShellScriptBuildPhase;
			buildActionMask = 2147483647;
			files = (
			);
			inputFileListPaths = (
			);
			inputPaths = (
			);
			outputFileListPaths = (
			);
			outputPaths = (
			);
			runOnlyForDeploymentPostprocessing = 0;
			shellPath = /bin/sh;
			shellScript = "if which swiftlint >/dev/null; then \n    swiftlint\nelse\n    echo \"warning: SwiftLint not installed, download from https://github.com/realm/SwiftLint\" \nfi\n";
		};
/* End PBXShellScriptBuildPhase section */

/* Begin PBXSourcesBuildPhase section */
		4B9A13AF25601A7500E1A8DF /* Sources */ = {
			isa = PBXSourcesBuildPhase;
			buildActionMask = 2147483647;
			files = (
				4B33B1DE256BF961005A8F31 /* ApodsResponse.swift in Sources */,
				4B0F79D9256DBC4000A58E07 /* RemoteDataSource.swift in Sources */,
				4BA445822575361900688AA8 /* AppContainer.swift in Sources */,
				4B0F79DD256DC35F00A58E07 /* ApodRepository.swift in Sources */,
				4B27EE90256D5639006E2D5A /* ApodFetcher.swift in Sources */,
				4B9A13C025601A7800E1A8DF /* Persistence.swift in Sources */,
				4BFE420E2579A85200CD8A28 /* Search.swift in Sources */,
				4B9A13C325601A7800E1A8DF /* ApodEntity.xcdatamodeld in Sources */,
				4B2F0F42257BDF4F000344CC /* LocalDataSource.swift in Sources */,
				4B9A13CF25601FE500E1A8DF /* Apod.swift in Sources */,
				4BEC3DB32592012200DEEFE5 /* EmptyView.swift in Sources */,
				4B96701425792515001D0DD5 /* AppView.swift in Sources */,
				4BEC3DB02591FED800DEEFE5 /* LoadingView.swift in Sources */,
				4B18093525738DA6005BEE75 /* DetailPresenter.swift in Sources */,
				4B18093825739D30005BEE75 /* DetailView.swift in Sources */,
				4B33B1E3256BFB7E005A8F31 /* ApodMapper.swift in Sources */,
				4BB3DA84258F23F100981F23 /* FavoriteInteractor.swift in Sources */,
				4B967011257924FC001D0DD5 /* Favorite.swift in Sources */,
				4B18093025738D2B005BEE75 /* HomeRouter.swift in Sources */,
				4B18092D25722126005BEE75 /* HomePresenter.swift in Sources */,
				4B18093B25739D6E005BEE75 /* DetailInteractor.swift in Sources */,
				4B9A13B925601A7500E1A8DF /* Home.swift in Sources */,
				4B3B451D25901E910065099B /* FavoriteRouter.swift in Sources */,
				4BF3B8D12576FE1000A5309A /* ApodCell.swift in Sources */,
				4B9A13B725601A7500E1A8DF /* ApodApp.swift in Sources */,
				4B33B1D4256BF3C9005A8F31 /* HomeInteractor.swift in Sources */,
				4BB3DA80258F22E900981F23 /* FavoritePresenter.swift in Sources */,
			);
			runOnlyForDeploymentPostprocessing = 0;
		};
/* End PBXSourcesBuildPhase section */

/* Begin XCBuildConfiguration section */
		4B9A13C525601A7800E1A8DF /* Debug */ = {
			isa = XCBuildConfiguration;
			buildSettings = {
				ALWAYS_SEARCH_USER_PATHS = NO;
				CLANG_ANALYZER_NONNULL = YES;
				CLANG_ANALYZER_NUMBER_OBJECT_CONVERSION = YES_AGGRESSIVE;
				CLANG_CXX_LANGUAGE_STANDARD = "gnu++14";
				CLANG_CXX_LIBRARY = "libc++";
				CLANG_ENABLE_MODULES = YES;
				CLANG_ENABLE_OBJC_ARC = YES;
				CLANG_ENABLE_OBJC_WEAK = YES;
				CLANG_WARN_BLOCK_CAPTURE_AUTORELEASING = YES;
				CLANG_WARN_BOOL_CONVERSION = YES;
				CLANG_WARN_COMMA = YES;
				CLANG_WARN_CONSTANT_CONVERSION = YES;
				CLANG_WARN_DEPRECATED_OBJC_IMPLEMENTATIONS = YES;
				CLANG_WARN_DIRECT_OBJC_ISA_USAGE = YES_ERROR;
				CLANG_WARN_DOCUMENTATION_COMMENTS = YES;
				CLANG_WARN_EMPTY_BODY = YES;
				CLANG_WARN_ENUM_CONVERSION = YES;
				CLANG_WARN_INFINITE_RECURSION = YES;
				CLANG_WARN_INT_CONVERSION = YES;
				CLANG_WARN_NON_LITERAL_NULL_CONVERSION = YES;
				CLANG_WARN_OBJC_IMPLICIT_RETAIN_SELF = YES;
				CLANG_WARN_OBJC_LITERAL_CONVERSION = YES;
				CLANG_WARN_OBJC_ROOT_CLASS = YES_ERROR;
				CLANG_WARN_QUOTED_INCLUDE_IN_FRAMEWORK_HEADER = YES;
				CLANG_WARN_RANGE_LOOP_ANALYSIS = YES;
				CLANG_WARN_STRICT_PROTOTYPES = YES;
				CLANG_WARN_SUSPICIOUS_MOVE = YES;
				CLANG_WARN_UNGUARDED_AVAILABILITY = YES_AGGRESSIVE;
				CLANG_WARN_UNREACHABLE_CODE = YES;
				CLANG_WARN__DUPLICATE_METHOD_MATCH = YES;
				COPY_PHASE_STRIP = NO;
				DEBUG_INFORMATION_FORMAT = dwarf;
				ENABLE_STRICT_OBJC_MSGSEND = YES;
				ENABLE_TESTABILITY = YES;
				GCC_C_LANGUAGE_STANDARD = gnu11;
				GCC_DYNAMIC_NO_PIC = NO;
				GCC_NO_COMMON_BLOCKS = YES;
				GCC_OPTIMIZATION_LEVEL = 0;
				GCC_PREPROCESSOR_DEFINITIONS = (
					"DEBUG=1",
					"$(inherited)",
				);
				GCC_WARN_64_TO_32_BIT_CONVERSION = YES;
				GCC_WARN_ABOUT_RETURN_TYPE = YES_ERROR;
				GCC_WARN_UNDECLARED_SELECTOR = YES;
				GCC_WARN_UNINITIALIZED_AUTOS = YES_AGGRESSIVE;
				GCC_WARN_UNUSED_FUNCTION = YES;
				GCC_WARN_UNUSED_VARIABLE = YES;
				IPHONEOS_DEPLOYMENT_TARGET = 14.0;
				MTL_ENABLE_DEBUG_INFO = INCLUDE_SOURCE;
				MTL_FAST_MATH = YES;
				ONLY_ACTIVE_ARCH = YES;
				SDKROOT = iphoneos;
				SWIFT_ACTIVE_COMPILATION_CONDITIONS = DEBUG;
				SWIFT_OPTIMIZATION_LEVEL = "-Onone";
			};
			name = Debug;
		};
		4B9A13C625601A7800E1A8DF /* Release */ = {
			isa = XCBuildConfiguration;
			buildSettings = {
				ALWAYS_SEARCH_USER_PATHS = NO;
				CLANG_ANALYZER_NONNULL = YES;
				CLANG_ANALYZER_NUMBER_OBJECT_CONVERSION = YES_AGGRESSIVE;
				CLANG_CXX_LANGUAGE_STANDARD = "gnu++14";
				CLANG_CXX_LIBRARY = "libc++";
				CLANG_ENABLE_MODULES = YES;
				CLANG_ENABLE_OBJC_ARC = YES;
				CLANG_ENABLE_OBJC_WEAK = YES;
				CLANG_WARN_BLOCK_CAPTURE_AUTORELEASING = YES;
				CLANG_WARN_BOOL_CONVERSION = YES;
				CLANG_WARN_COMMA = YES;
				CLANG_WARN_CONSTANT_CONVERSION = YES;
				CLANG_WARN_DEPRECATED_OBJC_IMPLEMENTATIONS = YES;
				CLANG_WARN_DIRECT_OBJC_ISA_USAGE = YES_ERROR;
				CLANG_WARN_DOCUMENTATION_COMMENTS = YES;
				CLANG_WARN_EMPTY_BODY = YES;
				CLANG_WARN_ENUM_CONVERSION = YES;
				CLANG_WARN_INFINITE_RECURSION = YES;
				CLANG_WARN_INT_CONVERSION = YES;
				CLANG_WARN_NON_LITERAL_NULL_CONVERSION = YES;
				CLANG_WARN_OBJC_IMPLICIT_RETAIN_SELF = YES;
				CLANG_WARN_OBJC_LITERAL_CONVERSION = YES;
				CLANG_WARN_OBJC_ROOT_CLASS = YES_ERROR;
				CLANG_WARN_QUOTED_INCLUDE_IN_FRAMEWORK_HEADER = YES;
				CLANG_WARN_RANGE_LOOP_ANALYSIS = YES;
				CLANG_WARN_STRICT_PROTOTYPES = YES;
				CLANG_WARN_SUSPICIOUS_MOVE = YES;
				CLANG_WARN_UNGUARDED_AVAILABILITY = YES_AGGRESSIVE;
				CLANG_WARN_UNREACHABLE_CODE = YES;
				CLANG_WARN__DUPLICATE_METHOD_MATCH = YES;
				COPY_PHASE_STRIP = NO;
				DEBUG_INFORMATION_FORMAT = "dwarf-with-dsym";
				ENABLE_NS_ASSERTIONS = NO;
				ENABLE_STRICT_OBJC_MSGSEND = YES;
				GCC_C_LANGUAGE_STANDARD = gnu11;
				GCC_NO_COMMON_BLOCKS = YES;
				GCC_WARN_64_TO_32_BIT_CONVERSION = YES;
				GCC_WARN_ABOUT_RETURN_TYPE = YES_ERROR;
				GCC_WARN_UNDECLARED_SELECTOR = YES;
				GCC_WARN_UNINITIALIZED_AUTOS = YES_AGGRESSIVE;
				GCC_WARN_UNUSED_FUNCTION = YES;
				GCC_WARN_UNUSED_VARIABLE = YES;
				IPHONEOS_DEPLOYMENT_TARGET = 14.0;
				MTL_ENABLE_DEBUG_INFO = NO;
				MTL_FAST_MATH = YES;
				SDKROOT = iphoneos;
				SWIFT_COMPILATION_MODE = wholemodule;
				SWIFT_OPTIMIZATION_LEVEL = "-O";
				VALIDATE_PRODUCT = YES;
			};
			name = Release;
		};
		4B9A13C825601A7800E1A8DF /* Debug */ = {
			isa = XCBuildConfiguration;
			buildSettings = {
				ASSETCATALOG_COMPILER_APPICON_NAME = AppIcon;
				ASSETCATALOG_COMPILER_GLOBAL_ACCENT_COLOR_NAME = AccentColor;
				CODE_SIGN_STYLE = Automatic;
				DEVELOPMENT_ASSET_PATHS = "\"Apod/Preview Content\"";
				DEVELOPMENT_TEAM = W4KGN5KBY5;
				ENABLE_PREVIEWS = YES;
				INFOPLIST_FILE = Apod/Info.plist;
				IPHONEOS_DEPLOYMENT_TARGET = 14.0;
				LD_RUNPATH_SEARCH_PATHS = (
					"$(inherited)",
					"@executable_path/Frameworks",
				);
				PRODUCT_BUNDLE_IDENTIFIER = com.deltadirac.Apod;
				PRODUCT_NAME = "$(TARGET_NAME)";
				SWIFT_VERSION = 5.0;
				TARGETED_DEVICE_FAMILY = "1,2";
			};
			name = Debug;
		};
		4B9A13C925601A7800E1A8DF /* Release */ = {
			isa = XCBuildConfiguration;
			buildSettings = {
				ASSETCATALOG_COMPILER_APPICON_NAME = AppIcon;
				ASSETCATALOG_COMPILER_GLOBAL_ACCENT_COLOR_NAME = AccentColor;
				CODE_SIGN_STYLE = Automatic;
				DEVELOPMENT_ASSET_PATHS = "\"Apod/Preview Content\"";
				DEVELOPMENT_TEAM = W4KGN5KBY5;
				ENABLE_PREVIEWS = YES;
				INFOPLIST_FILE = Apod/Info.plist;
				IPHONEOS_DEPLOYMENT_TARGET = 14.0;
				LD_RUNPATH_SEARCH_PATHS = (
					"$(inherited)",
					"@executable_path/Frameworks",
				);
				PRODUCT_BUNDLE_IDENTIFIER = com.deltadirac.Apod;
				PRODUCT_NAME = "$(TARGET_NAME)";
				SWIFT_VERSION = 5.0;
				TARGETED_DEVICE_FAMILY = "1,2";
			};
			name = Release;
		};
/* End XCBuildConfiguration section */

/* Begin XCConfigurationList section */
		4B9A13AE25601A7500E1A8DF /* Build configuration list for PBXProject "Apod" */ = {
			isa = XCConfigurationList;
			buildConfigurations = (
				4B9A13C525601A7800E1A8DF /* Debug */,
				4B9A13C625601A7800E1A8DF /* Release */,
			);
			defaultConfigurationIsVisible = 0;
			defaultConfigurationName = Release;
		};
		4B9A13C725601A7800E1A8DF /* Build configuration list for PBXNativeTarget "Apod" */ = {
			isa = XCConfigurationList;
			buildConfigurations = (
				4B9A13C825601A7800E1A8DF /* Debug */,
				4B9A13C925601A7800E1A8DF /* Release */,
			);
			defaultConfigurationIsVisible = 0;
			defaultConfigurationName = Release;
		};
/* End XCConfigurationList section */

/* Begin XCRemoteSwiftPackageReference section */
		4B5C6900257851D300106DFC /* XCRemoteSwiftPackageReference "SDWebImageSwiftUI" */ = {
			isa = XCRemoteSwiftPackageReference;
			repositoryURL = "https://github.com/SDWebImage/SDWebImageSwiftUI";
			requirement = {
				kind = upToNextMajorVersion;
				minimumVersion = 1.5.0;
			};
		};
/* End XCRemoteSwiftPackageReference section */

/* Begin XCSwiftPackageProductDependency section */
		4B5C6901257851D300106DFC /* SDWebImageSwiftUI */ = {
			isa = XCSwiftPackageProductDependency;
			package = 4B5C6900257851D300106DFC /* XCRemoteSwiftPackageReference "SDWebImageSwiftUI" */;
			productName = SDWebImageSwiftUI;
		};
/* End XCSwiftPackageProductDependency section */

/* Begin XCVersionGroup section */
		4B9A13C125601A7800E1A8DF /* ApodEntity.xcdatamodeld */ = {
			isa = XCVersionGroup;
			children = (
				4B9A13C225601A7800E1A8DF /* Apod.xcdatamodel */,
			);
			currentVersion = 4B9A13C225601A7800E1A8DF /* Apod.xcdatamodel */;
			path = ApodEntity.xcdatamodeld;
			sourceTree = "<group>";
			versionGroupType = wrapper.xcdatamodel;
		};
/* End XCVersionGroup section */
	};
	rootObject = 4B9A13AB25601A7500E1A8DF /* Project object */;
}
